// !$*UTF8*$!
{
	archiveVersion = 1;
	classes = {
	};
	objectVersion = 60;
	objects = {

/* Begin PBXBuildFile section */
		3A9BEBAF9705441E9FBB495F /* AppRoute.swift in Sources */ = {isa = PBXBuildFile; fileRef = 671B2E97634E475AA673A30B /* AppRoute.swift */; };
		394FE1C7EC5542E2B8C6A005 /* RootView.swift in Sources */ = {isa = PBXBuildFile; fileRef = 27D0A4568E834A7CAEFAA3EA /* RootView.swift */; };
		248095A6AA2042A2963A1E36 /* TrialUnityApp.swift in Sources */ = {isa = PBXBuildFile; fileRef = 7F6FCEB140494729B9A512DD /* TrialUnityApp.swift */; };
		A24BC16946194ED48784AC99 /* APIModels.swift in Sources */ = {isa = PBXBuildFile; fileRef = 6650F7A4C7E841FD98378AB7 /* APIModels.swift */; };
		AF72A56392494DBE9DDDA92B /* ESRDisplay.swift in Sources */ = {isa = PBXBuildFile; fileRef = 326F2B54E4C2450084F9E7E1 /* ESRDisplay.swift */; };
		120AAC51381F41BEA8DBC6C9 /* ScoreFormat.swift in Sources */ = {isa = PBXBuildFile; fileRef = 154A8A9561BE419E8AED66A9 /* ScoreFormat.swift */; };
		E9A9FDCA018F4EA1B587F47E /* MatchSignal.swift in Sources */ = {isa = PBXBuildFile; fileRef = 3A60019D8B76400AB9501735 /* MatchSignal.swift */; };
		8EC5EDD52156464882D01737 /* PatientProfileDraft.swift in Sources */ = {isa = PBXBuildFile; fileRef = D82CDCB48089437FA64A7107 /* PatientProfileDraft.swift */; };
		0FD4DC4105264DB0B552A9D8 /* ProfileOptions.swift in Sources */ = {isa = PBXBuildFile; fileRef = 6AD654FCB5354ABC88C01140 /* ProfileOptions.swift */; };
		B4AA371BB4FD4DEFAF2B46BB /* RelevanceTier.swift in Sources */ = {isa = PBXBuildFile; fileRef = BCDFA88EE0BB4D45B5EFFCC1 /* RelevanceTier.swift */; };
		E6CFE076B9354D23A439E0CF /* Theme.swift in Sources */ = {isa = PBXBuildFile; fileRef = 52DB49DB5CC949CFB502D0BC /* Theme.swift */; };
		6876E0604FA94BDDBB664AC2 /* TierStyle.swift in Sources */ = {isa = PBXBuildFile; fileRef = C0AFC4930ABB4B0983864F59 /* TierStyle.swift */; };
		4696AFD58AE84293B26FB14F /* Typography.swift in Sources */ = {isa = PBXBuildFile; fileRef = 21528C7987C94ACEBC200D6E /* Typography.swift */; };
		FFEE471CA01F4348B15A7C69 /* APIClient.swift in Sources */ = {isa = PBXBuildFile; fileRef = 1765CA25B55D46C097474D8D /* APIClient.swift */; };
		E60C61EFA6FA4C54A85D5D5A /* APIConfiguration.swift in Sources */ = {isa = PBXBuildFile; fileRef = 3935FE95F3A34229A1108F45 /* APIConfiguration.swift */; };
		3642A4C00C444DB2A3C0B421 /* APIError.swift in Sources */ = {isa = PBXBuildFile; fileRef = 873B177ED4E7482999D2F4A3 /* APIError.swift */; };
		92AB454CBAD4469DA8C2576E /* CoverageBar.swift in Sources */ = {isa = PBXBuildFile; fileRef = 3FE6C52689EA4CE89E2DF080 /* CoverageBar.swift */; };
		C5F53763F2A74154ABF3A7AF /* ESRScoreView.swift in Sources */ = {isa = PBXBuildFile; fileRef = 87D8B3C703CB4E37A78FCBEF /* ESRScoreView.swift */; };
		34529F019797481DB2B5E499 /* FlowLayout.swift in Sources */ = {isa = PBXBuildFile; fileRef = 1AD4D2E905F64860837971B0 /* FlowLayout.swift */; };
		E13CC0D702FD40179B44A593 /* MatchTraceView.swift in Sources */ = {isa = PBXBuildFile; fileRef = B801A0B6DEB34D4B953A3175 /* MatchTraceView.swift */; };
		EE75CA5B6107489FBBB47639 /* MatchingFunnelView.swift in Sources */ = {isa = PBXBuildFile; fileRef = A7ED84CF4CBA40499CB66182 /* MatchingFunnelView.swift */; };
		21B8C1FD0ED24BE58285B252 /* OutlinedTextField.swift in Sources */ = {isa = PBXBuildFile; fileRef = 40E4D672A1544C339125D367 /* OutlinedTextField.swift */; };
		0F1EADD26B8E41CC95595689 /* PassportSection.swift in Sources */ = {isa = PBXBuildFile; fileRef = 5CD8D8D5961E40E9ACFB2A14 /* PassportSection.swift */; };
		E696231D97604302AC8ABAA8 /* PrimaryButton.swift in Sources */ = {isa = PBXBuildFile; fileRef = 27EE4D47B02A4537865E47E7 /* PrimaryButton.swift */; };
		C291E79445EF46C7B1806A12 /* ProvenanceText.swift in Sources */ = {isa = PBXBuildFile; fileRef = 31F68145F8374A0A96629C6D /* ProvenanceText.swift */; };
		C32BB9D748614AB7B80CDE08 /* RepresentationRiskView.swift in Sources */ = {isa = PBXBuildFile; fileRef = 650591C5460F4C3ABAEE6314 /* RepresentationRiskView.swift */; };
		6917A6A34F4B4F8995D8C025 /* ReviewRow.swift in Sources */ = {isa = PBXBuildFile; fileRef = EBA1765CFA7342CE807AA3C6 /* ReviewRow.swift */; };
		6376726FF5A748F8AC4237A0 /* SecondaryButton.swift in Sources */ = {isa = PBXBuildFile; fileRef = 2689533DF1EB414AA82F78D5 /* SecondaryButton.swift */; };
		0DDDE3D6ABD64E2B9209803F /* SelectableRow.swift in Sources */ = {isa = PBXBuildFile; fileRef = 9F4C77CA05BA46798F32BB12 /* SelectableRow.swift */; };
		0BF55ADBA9AE41398A8F370F /* StatusPill.swift in Sources */ = {isa = PBXBuildFile; fileRef = 513FB1B5BDB54C289F30A83B /* StatusPill.swift */; };
		D4BD0F4BC4064069ACE93891 /* StepProgressView.swift in Sources */ = {isa = PBXBuildFile; fileRef = 7577B2589FEF4F06A7C88688 /* StepProgressView.swift */; };
		CBA593B262B847D6A976E4CC /* TagChip.swift in Sources */ = {isa = PBXBuildFile; fileRef = 8D896DF36F154FCCB5B5FAD8 /* TagChip.swift */; };
		BA7639F39C464AC69CF5702E /* TrialResultRow.swift in Sources */ = {isa = PBXBuildFile; fileRef = AAA394BE03E94435B7D519DA /* TrialResultRow.swift */; };
		48AA71A090894FAD917FB8C7 /* WizardScaffold.swift in Sources */ = {isa = PBXBuildFile; fileRef = E01837CC42524A78A2A89CF3 /* WizardScaffold.swift */; };
		5F9B5905870646C18CFBD0A1 /* WelcomeView.swift in Sources */ = {isa = PBXBuildFile; fileRef = F1BF2E4EE6F84D5A9F0C3493 /* WelcomeView.swift */; };
		BA6CF91669BE4B3CA22C6E8D /* ProfileReviewView.swift in Sources */ = {isa = PBXBuildFile; fileRef = D015D0DCB5F343019BEC5F4A /* ProfileReviewView.swift */; };
		BCF1FBF5FD2C4553B9C013EB /* ProfileStep.swift in Sources */ = {isa = PBXBuildFile; fileRef = 819791F6DDF0439EA7616DE1 /* ProfileStep.swift */; };
		9F4EB710DEF64B6F92E08321 /* AgeStepView.swift in Sources */ = {isa = PBXBuildFile; fileRef = 697A2A0FD6EE4A19A375D875 /* AgeStepView.swift */; };
		59EAFCDA9D1F423C8BD942BC /* ConditionStepView.swift in Sources */ = {isa = PBXBuildFile; fileRef = F2D3E9A2B6FA453BBD378C24 /* ConditionStepView.swift */; };
		58013CA98D7D4A3BA0692810 /* LocationStepView.swift in Sources */ = {isa = PBXBuildFile; fileRef = A687E90FAF8D4F548995E592 /* LocationStepView.swift */; };
		5940FD96920D494899BF9F93 /* NotesStepView.swift in Sources */ = {isa = PBXBuildFile; fileRef = 7AF93EF92E72430FA1829091 /* NotesStepView.swift */; };
		89C48E80E8B14BD2959DC354 /* SexStepView.swift in Sources */ = {isa = PBXBuildFile; fileRef = 4E7ED52B19AC4CEAB10EBF03 /* SexStepView.swift */; };
		C61EA8F2A53D4B4CA9FED669 /* TravelStepView.swift in Sources */ = {isa = PBXBuildFile; fileRef = F8FCEAD0D1DB4F9497CBEFFB /* TravelStepView.swift */; };
		1D46DA3DBEBD41FFAFDFCFBE /* TreatmentStepView.swift in Sources */ = {isa = PBXBuildFile; fileRef = 120D3A24A7914063BE51CC71 /* TreatmentStepView.swift */; };
		F17A2A0150FC4A13A9D74E21 /* MatchingModel.swift in Sources */ = {isa = PBXBuildFile; fileRef = 34B79D68E3CD43CAB8FA249D /* MatchingModel.swift */; };
		7EFE02DC24C44CFBA234B73C /* MatchingView.swift in Sources */ = {isa = PBXBuildFile; fileRef = 56194FE3CA7844A4840B43D6 /* MatchingView.swift */; };
		FF2489BA2FB542569B1194B9 /* TrialPassportView.swift in Sources */ = {isa = PBXBuildFile; fileRef = 2D96E433D78B409093D8A41A /* TrialPassportView.swift */; };
		FD30BF6AD2414C888C4B0BFD /* Assets.xcassets in Resources */ = {isa = PBXBuildFile; fileRef = F7F980E7B61446A09570DF89 /* Assets.xcassets */; };
/* End PBXBuildFile section */

/* Begin PBXFileReference section */
		671B2E97634E475AA673A30B /* AppRoute.swift */ = {isa = PBXFileReference; lastKnownFileType = sourcecode.swift; path = AppRoute.swift; sourceTree = "<group>"; };
		27D0A4568E834A7CAEFAA3EA /* RootView.swift */ = {isa = PBXFileReference; lastKnownFileType = sourcecode.swift; path = RootView.swift; sourceTree = "<group>"; };
		7F6FCEB140494729B9A512DD /* TrialUnityApp.swift */ = {isa = PBXFileReference; lastKnownFileType = sourcecode.swift; path = TrialUnityApp.swift; sourceTree = "<group>"; };
		6650F7A4C7E841FD98378AB7 /* APIModels.swift */ = {isa = PBXFileReference; lastKnownFileType = sourcecode.swift; path = APIModels.swift; sourceTree = "<group>"; };
		326F2B54E4C2450084F9E7E1 /* ESRDisplay.swift */ = {isa = PBXFileReference; lastKnownFileType = sourcecode.swift; path = ESRDisplay.swift; sourceTree = "<group>"; };
		154A8A9561BE419E8AED66A9 /* ScoreFormat.swift */ = {isa = PBXFileReference; lastKnownFileType = sourcecode.swift; path = ScoreFormat.swift; sourceTree = "<group>"; };
		3A60019D8B76400AB9501735 /* MatchSignal.swift */ = {isa = PBXFileReference; lastKnownFileType = sourcecode.swift; path = MatchSignal.swift; sourceTree = "<group>"; };
		D82CDCB48089437FA64A7107 /* PatientProfileDraft.swift */ = {isa = PBXFileReference; lastKnownFileType = sourcecode.swift; path = PatientProfileDraft.swift; sourceTree = "<group>"; };
		6AD654FCB5354ABC88C01140 /* ProfileOptions.swift */ = {isa = PBXFileReference; lastKnownFileType = sourcecode.swift; path = ProfileOptions.swift; sourceTree = "<group>"; };
		BCDFA88EE0BB4D45B5EFFCC1 /* RelevanceTier.swift */ = {isa = PBXFileReference; lastKnownFileType = sourcecode.swift; path = RelevanceTier.swift; sourceTree = "<group>"; };
		52DB49DB5CC949CFB502D0BC /* Theme.swift */ = {isa = PBXFileReference; lastKnownFileType = sourcecode.swift; path = Theme.swift; sourceTree = "<group>"; };
		C0AFC4930ABB4B0983864F59 /* TierStyle.swift */ = {isa = PBXFileReference; lastKnownFileType = sourcecode.swift; path = TierStyle.swift; sourceTree = "<group>"; };
		21528C7987C94ACEBC200D6E /* Typography.swift */ = {isa = PBXFileReference; lastKnownFileType = sourcecode.swift; path = Typography.swift; sourceTree = "<group>"; };
		1765CA25B55D46C097474D8D /* APIClient.swift */ = {isa = PBXFileReference; lastKnownFileType = sourcecode.swift; path = APIClient.swift; sourceTree = "<group>"; };
		3935FE95F3A34229A1108F45 /* APIConfiguration.swift */ = {isa = PBXFileReference; lastKnownFileType = sourcecode.swift; path = APIConfiguration.swift; sourceTree = "<group>"; };
		873B177ED4E7482999D2F4A3 /* APIError.swift */ = {isa = PBXFileReference; lastKnownFileType = sourcecode.swift; path = APIError.swift; sourceTree = "<group>"; };
		3FE6C52689EA4CE89E2DF080 /* CoverageBar.swift */ = {isa = PBXFileReference; lastKnownFileType = sourcecode.swift; path = CoverageBar.swift; sourceTree = "<group>"; };
		87D8B3C703CB4E37A78FCBEF /* ESRScoreView.swift */ = {isa = PBXFileReference; lastKnownFileType = sourcecode.swift; path = ESRScoreView.swift; sourceTree = "<group>"; };
		1AD4D2E905F64860837971B0 /* FlowLayout.swift */ = {isa = PBXFileReference; lastKnownFileType = sourcecode.swift; path = FlowLayout.swift; sourceTree = "<group>"; };
		B801A0B6DEB34D4B953A3175 /* MatchTraceView.swift */ = {isa = PBXFileReference; lastKnownFileType = sourcecode.swift; path = MatchTraceView.swift; sourceTree = "<group>"; };
		A7ED84CF4CBA40499CB66182 /* MatchingFunnelView.swift */ = {isa = PBXFileReference; lastKnownFileType = sourcecode.swift; path = MatchingFunnelView.swift; sourceTree = "<group>"; };
		40E4D672A1544C339125D367 /* OutlinedTextField.swift */ = {isa = PBXFileReference; lastKnownFileType = sourcecode.swift; path = OutlinedTextField.swift; sourceTree = "<group>"; };
		5CD8D8D5961E40E9ACFB2A14 /* PassportSection.swift */ = {isa = PBXFileReference; lastKnownFileType = sourcecode.swift; path = PassportSection.swift; sourceTree = "<group>"; };
		27EE4D47B02A4537865E47E7 /* PrimaryButton.swift */ = {isa = PBXFileReference; lastKnownFileType = sourcecode.swift; path = PrimaryButton.swift; sourceTree = "<group>"; };
		31F68145F8374A0A96629C6D /* ProvenanceText.swift */ = {isa = PBXFileReference; lastKnownFileType = sourcecode.swift; path = ProvenanceText.swift; sourceTree = "<group>"; };
		650591C5460F4C3ABAEE6314 /* RepresentationRiskView.swift */ = {isa = PBXFileReference; lastKnownFileType = sourcecode.swift; path = RepresentationRiskView.swift; sourceTree = "<group>"; };
		EBA1765CFA7342CE807AA3C6 /* ReviewRow.swift */ = {isa = PBXFileReference; lastKnownFileType = sourcecode.swift; path = ReviewRow.swift; sourceTree = "<group>"; };
		2689533DF1EB414AA82F78D5 /* SecondaryButton.swift */ = {isa = PBXFileReference; lastKnownFileType = sourcecode.swift; path = SecondaryButton.swift; sourceTree = "<group>"; };
		9F4C77CA05BA46798F32BB12 /* SelectableRow.swift */ = {isa = PBXFileReference; lastKnownFileType = sourcecode.swift; path = SelectableRow.swift; sourceTree = "<group>"; };
		513FB1B5BDB54C289F30A83B /* StatusPill.swift */ = {isa = PBXFileReference; lastKnownFileType = sourcecode.swift; path = StatusPill.swift; sourceTree = "<group>"; };
		7577B2589FEF4F06A7C88688 /* StepProgressView.swift */ = {isa = PBXFileReference; lastKnownFileType = sourcecode.swift; path = StepProgressView.swift; sourceTree = "<group>"; };
		8D896DF36F154FCCB5B5FAD8 /* TagChip.swift */ = {isa = PBXFileReference; lastKnownFileType = sourcecode.swift; path = TagChip.swift; sourceTree = "<group>"; };
		AAA394BE03E94435B7D519DA /* TrialResultRow.swift */ = {isa = PBXFileReference; lastKnownFileType = sourcecode.swift; path = TrialResultRow.swift; sourceTree = "<group>"; };
		E01837CC42524A78A2A89CF3 /* WizardScaffold.swift */ = {isa = PBXFileReference; lastKnownFileType = sourcecode.swift; path = WizardScaffold.swift; sourceTree = "<group>"; };
		F1BF2E4EE6F84D5A9F0C3493 /* WelcomeView.swift */ = {isa = PBXFileReference; lastKnownFileType = sourcecode.swift; path = WelcomeView.swift; sourceTree = "<group>"; };
		D015D0DCB5F343019BEC5F4A /* ProfileReviewView.swift */ = {isa = PBXFileReference; lastKnownFileType = sourcecode.swift; path = ProfileReviewView.swift; sourceTree = "<group>"; };
		819791F6DDF0439EA7616DE1 /* ProfileStep.swift */ = {isa = PBXFileReference; lastKnownFileType = sourcecode.swift; path = ProfileStep.swift; sourceTree = "<group>"; };
		697A2A0FD6EE4A19A375D875 /* AgeStepView.swift */ = {isa = PBXFileReference; lastKnownFileType = sourcecode.swift; path = AgeStepView.swift; sourceTree = "<group>"; };
		F2D3E9A2B6FA453BBD378C24 /* ConditionStepView.swift */ = {isa = PBXFileReference; lastKnownFileType = sourcecode.swift; path = ConditionStepView.swift; sourceTree = "<group>"; };
		A687E90FAF8D4F548995E592 /* LocationStepView.swift */ = {isa = PBXFileReference; lastKnownFileType = sourcecode.swift; path = LocationStepView.swift; sourceTree = "<group>"; };
		7AF93EF92E72430FA1829091 /* NotesStepView.swift */ = {isa = PBXFileReference; lastKnownFileType = sourcecode.swift; path = NotesStepView.swift; sourceTree = "<group>"; };
		4E7ED52B19AC4CEAB10EBF03 /* SexStepView.swift */ = {isa = PBXFileReference; lastKnownFileType = sourcecode.swift; path = SexStepView.swift; sourceTree = "<group>"; };
		F8FCEAD0D1DB4F9497CBEFFB /* TravelStepView.swift */ = {isa = PBXFileReference; lastKnownFileType = sourcecode.swift; path = TravelStepView.swift; sourceTree = "<group>"; };
		120D3A24A7914063BE51CC71 /* TreatmentStepView.swift */ = {isa = PBXFileReference; lastKnownFileType = sourcecode.swift; path = TreatmentStepView.swift; sourceTree = "<group>"; };
		34B79D68E3CD43CAB8FA249D /* MatchingModel.swift */ = {isa = PBXFileReference; lastKnownFileType = sourcecode.swift; path = MatchingModel.swift; sourceTree = "<group>"; };
		56194FE3CA7844A4840B43D6 /* MatchingView.swift */ = {isa = PBXFileReference; lastKnownFileType = sourcecode.swift; path = MatchingView.swift; sourceTree = "<group>"; };
		2D96E433D78B409093D8A41A /* TrialPassportView.swift */ = {isa = PBXFileReference; lastKnownFileType = sourcecode.swift; path = TrialPassportView.swift; sourceTree = "<group>"; };
		F7F980E7B61446A09570DF89 /* Assets.xcassets */ = {isa = PBXFileReference; lastKnownFileType = folder.assetcatalog; path = Assets.xcassets; sourceTree = "<group>"; };
		60BFEF676E3F47BAB90C1C27 /* Preview Assets.xcassets */ = {isa = PBXFileReference; lastKnownFileType = folder.assetcatalog; path = "Preview Assets.xcassets"; sourceTree = "<group>"; };
		A01CB4D8DA7D4B0DB6951200 /* README.md */ = {isa = PBXFileReference; lastKnownFileType = net.daringfireball.markdown; path = README.md; sourceTree = "<group>"; };
		604DDA327E994670847AF749 /* Info-Debug.plist */ = {isa = PBXFileReference; lastKnownFileType = text.plist.xml; path = "Info-Debug.plist"; sourceTree = "<group>"; };
		6F6251B37F54472DA6C71B81 /* TrialUnity.app */ = {isa = PBXFileReference; explicitFileType = wrapper.application; includeInIndex = 0; path = TrialUnity.app; sourceTree = BUILT_PRODUCTS_DIR; };
/* End PBXFileReference section */

/* Begin PBXFrameworksBuildPhase section */
		B00014CFDDCB416A829CB2B0 /* Frameworks */ = {
			isa = PBXFrameworksBuildPhase;
			buildActionMask = 2147483647;
			files = (
			);
			runOnlyForDeploymentPostprocessing = 0;
		};
/* End PBXFrameworksBuildPhase section */

/* Begin PBXGroup section */
		63CA7149D99D47EBB2932D72 /* App */ = {
			isa = PBXGroup;
			children = (
				671B2E97634E475AA673A30B /* AppRoute.swift */,
				27D0A4568E834A7CAEFAA3EA /* RootView.swift */,
				7F6FCEB140494729B9A512DD /* TrialUnityApp.swift */,
			);
			path = App;
			sourceTree = "<group>";
		};
		40285590BF5A4DD5A3315DAF /* Models */ = {
			isa = PBXGroup;
			children = (
				6650F7A4C7E841FD98378AB7 /* APIModels.swift */,
				326F2B54E4C2450084F9E7E1 /* ESRDisplay.swift */,
				154A8A9561BE419E8AED66A9 /* ScoreFormat.swift */,
				3A60019D8B76400AB9501735 /* MatchSignal.swift */,
				D82CDCB48089437FA64A7107 /* PatientProfileDraft.swift */,
				6AD654FCB5354ABC88C01140 /* ProfileOptions.swift */,
				BCDFA88EE0BB4D45B5EFFCC1 /* RelevanceTier.swift */,
			);
			path = Models;
			sourceTree = "<group>";
		};
		AD6457CBF27E446F883C610D /* DesignSystem */ = {
			isa = PBXGroup;
			children = (
				52DB49DB5CC949CFB502D0BC /* Theme.swift */,
				C0AFC4930ABB4B0983864F59 /* TierStyle.swift */,
				21528C7987C94ACEBC200D6E /* Typography.swift */,
			);
			path = DesignSystem;
			sourceTree = "<group>";
		};
		1D27BF95C8BA4EB2938E64D3 /* Networking */ = {
			isa = PBXGroup;
			children = (
				1765CA25B55D46C097474D8D /* APIClient.swift */,
				3935FE95F3A34229A1108F45 /* APIConfiguration.swift */,
				873B177ED4E7482999D2F4A3 /* APIError.swift */,
			);
			path = Networking;
			sourceTree = "<group>";
		};
		FAE1A9093C9B45A58FBAAA01 /* Components */ = {
			isa = PBXGroup;
			children = (
				3FE6C52689EA4CE89E2DF080 /* CoverageBar.swift */,
				87D8B3C703CB4E37A78FCBEF /* ESRScoreView.swift */,
				1AD4D2E905F64860837971B0 /* FlowLayout.swift */,
				B801A0B6DEB34D4B953A3175 /* MatchTraceView.swift */,
				A7ED84CF4CBA40499CB66182 /* MatchingFunnelView.swift */,
				40E4D672A1544C339125D367 /* OutlinedTextField.swift */,
				5CD8D8D5961E40E9ACFB2A14 /* PassportSection.swift */,
				27EE4D47B02A4537865E47E7 /* PrimaryButton.swift */,
				31F68145F8374A0A96629C6D /* ProvenanceText.swift */,
				650591C5460F4C3ABAEE6314 /* RepresentationRiskView.swift */,
				EBA1765CFA7342CE807AA3C6 /* ReviewRow.swift */,
				2689533DF1EB414AA82F78D5 /* SecondaryButton.swift */,
				9F4C77CA05BA46798F32BB12 /* SelectableRow.swift */,
				513FB1B5BDB54C289F30A83B /* StatusPill.swift */,
				7577B2589FEF4F06A7C88688 /* StepProgressView.swift */,
				8D896DF36F154FCCB5B5FAD8 /* TagChip.swift */,
				AAA394BE03E94435B7D519DA /* TrialResultRow.swift */,
				E01837CC42524A78A2A89CF3 /* WizardScaffold.swift */,
			);
			path = Components;
			sourceTree = "<group>";
		};
		944D7C4F317147C2B2ED8217 /* Core */ = {
			isa = PBXGroup;
			children = (
				40285590BF5A4DD5A3315DAF /* Models */,
				AD6457CBF27E446F883C610D /* DesignSystem */,
				1D27BF95C8BA4EB2938E64D3 /* Networking */,
				FAE1A9093C9B45A58FBAAA01 /* Components */,
			);
			path = Core;
			sourceTree = "<group>";
		};
		3A93B47AED324C69991ECE62 /* Welcome */ = {
			isa = PBXGroup;
			children = (
				F1BF2E4EE6F84D5A9F0C3493 /* WelcomeView.swift */,
			);
			path = Welcome;
			sourceTree = "<group>";
		};
		3507F988ACAF47739C77BAE4 /* Steps */ = {
			isa = PBXGroup;
			children = (
				697A2A0FD6EE4A19A375D875 /* AgeStepView.swift */,
				F2D3E9A2B6FA453BBD378C24 /* ConditionStepView.swift */,
				A687E90FAF8D4F548995E592 /* LocationStepView.swift */,
				7AF93EF92E72430FA1829091 /* NotesStepView.swift */,
				4E7ED52B19AC4CEAB10EBF03 /* SexStepView.swift */,
				F8FCEAD0D1DB4F9497CBEFFB /* TravelStepView.swift */,
				120D3A24A7914063BE51CC71 /* TreatmentStepView.swift */,
			);
			path = Steps;
			sourceTree = "<group>";
		};
		D1CE39E84EA649DB8C135582 /* Profile */ = {
			isa = PBXGroup;
			children = (
				D015D0DCB5F343019BEC5F4A /* ProfileReviewView.swift */,
				819791F6DDF0439EA7616DE1 /* ProfileStep.swift */,
				3507F988ACAF47739C77BAE4 /* Steps */,
			);
			path = Profile;
			sourceTree = "<group>";
		};
		1B34EB6166AA4698888F79D4 /* Matching */ = {
			isa = PBXGroup;
			children = (
				34B79D68E3CD43CAB8FA249D /* MatchingModel.swift */,
				56194FE3CA7844A4840B43D6 /* MatchingView.swift */,
				2D96E433D78B409093D8A41A /* TrialPassportView.swift */,
			);
			path = Matching;
			sourceTree = "<group>";
		};
		FB0A172C295E4464A860C4CD /* Features */ = {
			isa = PBXGroup;
			children = (
				3A93B47AED324C69991ECE62 /* Welcome */,
				D1CE39E84EA649DB8C135582 /* Profile */,
				1B34EB6166AA4698888F79D4 /* Matching */,
			);
			path = Features;
			sourceTree = "<group>";
		};
		221E2C630DD1437AA575A513 /* Resources */ = {
			isa = PBXGroup;
			children = (
				A01CB4D8DA7D4B0DB6951200 /* README.md */,
				604DDA327E994670847AF749 /* Info-Debug.plist */,
			);
			path = Resources;
			sourceTree = "<group>";
		};
		6C3D05D19CCD4BBFBA0E98A0 /* Preview Content */ = {
			isa = PBXGroup;
			children = (
				60BFEF676E3F47BAB90C1C27 /* Preview Assets.xcassets */,
			);
			name = "Preview Content";
			path = "Preview Content";
			sourceTree = "<group>";
		};
		191394D4D0CE4BF586BF710D /* TrialUnity */ = {
			isa = PBXGroup;
			children = (
				63CA7149D99D47EBB2932D72 /* App */,
				944D7C4F317147C2B2ED8217 /* Core */,
				FB0A172C295E4464A860C4CD /* Features */,
				221E2C630DD1437AA575A513 /* Resources */,
				6C3D05D19CCD4BBFBA0E98A0 /* Preview Content */,
				F7F980E7B61446A09570DF89 /* Assets.xcassets */,
			);
			path = TrialUnity;
			sourceTree = "<group>";
		};
		51F2FA5F82C340C8942E5E9E /* Products */ = {
			isa = PBXGroup;
			children = (
				6F6251B37F54472DA6C71B81 /* TrialUnity.app */,
			);
			name = Products;
			sourceTree = "<group>";
		};
		0F08A577D4CB46A395B59DD8 /*  */ = {
			isa = PBXGroup;
			children = (
				191394D4D0CE4BF586BF710D /* TrialUnity */,
				51F2FA5F82C340C8942E5E9E /* Products */,
			);
			sourceTree = "<group>";
		};
/* End PBXGroup section */

/* Begin PBXNativeTarget section */
		B4B6D23179FC4EBDA53E88D9 /* TrialUnity */ = {
			isa = PBXNativeTarget;
			buildConfigurationList = 1954FE3A4D9E4984BDA48144 /* Build configuration list for PBXNativeTarget "TrialUnity" */;
			buildPhases = (
				80EB66434095440F91AA9FA8 /* Sources */,
				B00014CFDDCB416A829CB2B0 /* Frameworks */,
				67AC8314C9484F3FBBB545D2 /* Resources */,
			);
			buildRules = (
			);
			dependencies = (
			);
			name = TrialUnity;
			productName = TrialUnity;
			productReference = 6F6251B37F54472DA6C71B81 /* TrialUnity.app */;
			productType = "com.apple.product-type.application";
		};
/* End PBXNativeTarget section */

/* Begin PBXProject section */
		5EF3537ACDB34AB586BD47A1 /* Project object */ = {
			isa = PBXProject;
			attributes = {
				BuildIndependentTargetsInParallel = 1;
				LastSwiftUpdateCheck = 1600;
				LastUpgradeCheck = 1600;
				TargetAttributes = {
					B4B6D23179FC4EBDA53E88D9 = {
						CreatedOnToolsVersion = 16.0;
					};
				};
			};
			buildConfigurationList = B23CA76D64CE48889294E788 /* Build configuration list for PBXProject "TrialUnity" */;
			compatibilityVersion = "Xcode 14.0";
			developmentRegion = en;
			hasScannedForEncodings = 0;
			knownRegions = (
				en,
				Base,
			);
			mainGroup = 0F08A577D4CB46A395B59DD8;
			productRefGroup = 51F2FA5F82C340C8942E5E9E /* Products */;
			projectDirPath = "";
			projectRoot = "";
			targets = (
				B4B6D23179FC4EBDA53E88D9 /* TrialUnity */,
			);
		};
/* End PBXProject section */

/* Begin PBXResourcesBuildPhase section */
		67AC8314C9484F3FBBB545D2 /* Resources */ = {
			isa = PBXResourcesBuildPhase;
			buildActionMask = 2147483647;
			files = (
				FD30BF6AD2414C888C4B0BFD /* Assets.xcassets in Resources */,
			);
			runOnlyForDeploymentPostprocessing = 0;
		};
/* End PBXResourcesBuildPhase section */

/* Begin PBXSourcesBuildPhase section */
		80EB66434095440F91AA9FA8 /* Sources */ = {
			isa = PBXSourcesBuildPhase;
			buildActionMask = 2147483647;
			files = (
				3A9BEBAF9705441E9FBB495F /* AppRoute.swift in Sources */,
				394FE1C7EC5542E2B8C6A005 /* RootView.swift in Sources */,
				248095A6AA2042A2963A1E36 /* TrialUnityApp.swift in Sources */,
				A24BC16946194ED48784AC99 /* APIModels.swift in Sources */,
				AF72A56392494DBE9DDDA92B /* ESRDisplay.swift in Sources */,
				120AAC51381F41BEA8DBC6C9 /* ScoreFormat.swift in Sources */,
				E9A9FDCA018F4EA1B587F47E /* MatchSignal.swift in Sources */,
				8EC5EDD52156464882D01737 /* PatientProfileDraft.swift in Sources */,
				0FD4DC4105264DB0B552A9D8 /* ProfileOptions.swift in Sources */,
				B4AA371BB4FD4DEFAF2B46BB /* RelevanceTier.swift in Sources */,
				E6CFE076B9354D23A439E0CF /* Theme.swift in Sources */,
				6876E0604FA94BDDBB664AC2 /* TierStyle.swift in Sources */,
				4696AFD58AE84293B26FB14F /* Typography.swift in Sources */,
				FFEE471CA01F4348B15A7C69 /* APIClient.swift in Sources */,
				E60C61EFA6FA4C54A85D5D5A /* APIConfiguration.swift in Sources */,
				3642A4C00C444DB2A3C0B421 /* APIError.swift in Sources */,
				92AB454CBAD4469DA8C2576E /* CoverageBar.swift in Sources */,
				C5F53763F2A74154ABF3A7AF /* ESRScoreView.swift in Sources */,
				34529F019797481DB2B5E499 /* FlowLayout.swift in Sources */,
				E13CC0D702FD40179B44A593 /* MatchTraceView.swift in Sources */,
				EE75CA5B6107489FBBB47639 /* MatchingFunnelView.swift in Sources */,
				21B8C1FD0ED24BE58285B252 /* OutlinedTextField.swift in Sources */,
				0F1EADD26B8E41CC95595689 /* PassportSection.swift in Sources */,
				E696231D97604302AC8ABAA8 /* PrimaryButton.swift in Sources */,
				C291E79445EF46C7B1806A12 /* ProvenanceText.swift in Sources */,
				C32BB9D748614AB7B80CDE08 /* RepresentationRiskView.swift in Sources */,
				6917A6A34F4B4F8995D8C025 /* ReviewRow.swift in Sources */,
				6376726FF5A748F8AC4237A0 /* SecondaryButton.swift in Sources */,
				0DDDE3D6ABD64E2B9209803F /* SelectableRow.swift in Sources */,
				0BF55ADBA9AE41398A8F370F /* StatusPill.swift in Sources */,
				D4BD0F4BC4064069ACE93891 /* StepProgressView.swift in Sources */,
				CBA593B262B847D6A976E4CC /* TagChip.swift in Sources */,
				BA7639F39C464AC69CF5702E /* TrialResultRow.swift in Sources */,
				48AA71A090894FAD917FB8C7 /* WizardScaffold.swift in Sources */,
				5F9B5905870646C18CFBD0A1 /* WelcomeView.swift in Sources */,
				BA6CF91669BE4B3CA22C6E8D /* ProfileReviewView.swift in Sources */,
				BCF1FBF5FD2C4553B9C013EB /* ProfileStep.swift in Sources */,
				9F4EB710DEF64B6F92E08321 /* AgeStepView.swift in Sources */,
				59EAFCDA9D1F423C8BD942BC /* ConditionStepView.swift in Sources */,
				58013CA98D7D4A3BA0692810 /* LocationStepView.swift in Sources */,
				5940FD96920D494899BF9F93 /* NotesStepView.swift in Sources */,
				89C48E80E8B14BD2959DC354 /* SexStepView.swift in Sources */,
				C61EA8F2A53D4B4CA9FED669 /* TravelStepView.swift in Sources */,
				1D46DA3DBEBD41FFAFDFCFBE /* TreatmentStepView.swift in Sources */,
				F17A2A0150FC4A13A9D74E21 /* MatchingModel.swift in Sources */,
				7EFE02DC24C44CFBA234B73C /* MatchingView.swift in Sources */,
				FF2489BA2FB542569B1194B9 /* TrialPassportView.swift in Sources */,
			);
			runOnlyForDeploymentPostprocessing = 0;
		};
/* End PBXSourcesBuildPhase section */

/* Begin XCBuildConfiguration section */
		90B640A76B6E4CF1A594305D /* Debug */ = {
			isa = XCBuildConfiguration;
			buildSettings = {
				ALWAYS_SEARCH_USER_PATHS = NO;
				ASSETCATALOG_COMPILER_GENERATE_SWIFT_ASSET_SYMBOL_EXTENSIONS = YES;
				CLANG_ANALYZER_NONNULL = YES;
				CLANG_ANALYZER_NUMBER_OBJECT_CONVERSION = YES_AGGRESSIVE;
				CLANG_CXX_LANGUAGE_STANDARD = "gnu++20";
				CLANG_ENABLE_MODULES = YES;
				CLANG_ENABLE_OBJC_ARC = YES;
				CLANG_ENABLE_OBJC_WEAK = YES;
				CLANG_WARN_BLOCK_CAPTURE_AUTORELEASING = YES;
				CLANG_WARN_BOOL_CONVERSION = YES;
				CLANG_WARN_COMMA = YES;
				CLANG_WARN_CONSTANT_CONVERSION = YES;
				CLANG_WARN_DEPRECATED_OBJC_IMPLEMENTATIONS = YES;
				CLANG_WARN_DIRECT_OBJC_ISA_USAGE = YES_ERROR;
				CLANG_WARN_DOCUMENTATION_COMMENTS = YES;
				CLANG_WARN_EMPTY_BODY = YES;
				CLANG_WARN_ENUM_CONVERSION = YES;
				CLANG_WARN_INFINITE_RECURSION = YES;
				CLANG_WARN_INT_CONVERSION = YES;
				CLANG_WARN_NON_LITERAL_NULL_CONVERSION = YES;
				CLANG_WARN_OBJC_IMPLICIT_RETAIN_SELF = YES;
				CLANG_WARN_OBJC_LITERAL_CONVERSION = YES;
				CLANG_WARN_OBJC_ROOT_CLASS = YES_ERROR;
				CLANG_WARN_QUOTED_INCLUDE_IN_FRAMEWORK_HEADER = YES;
				CLANG_WARN_RANGE_LOOP_ANALYSIS = YES;
				CLANG_WARN_STRICT_PROTOTYPES = YES;
				CLANG_WARN_SUSPICIOUS_MOVE = YES;
				CLANG_WARN_UNGUARDED_AVAILABILITY = YES_AGGRESSIVE;
				CLANG_WARN_UNREACHABLE_CODE = YES;
				CLANG_WARN__DUPLICATE_METHOD_MATCH = YES;
				COPY_PHASE_STRIP = NO;
				DEBUG_INFORMATION_FORMAT = dwarf;
				ENABLE_STRICT_OBJC_MSGSEND = YES;
				ENABLE_TESTABILITY = YES;
				ENABLE_USER_SCRIPT_SANDBOXING = YES;
				GCC_C_LANGUAGE_STANDARD = gnu17;
				GCC_DYNAMIC_NO_PIC = NO;
				GCC_NO_COMMON_BLOCKS = YES;
				GCC_OPTIMIZATION_LEVEL = 0;
				GCC_PREPROCESSOR_DEFINITIONS = (
					"DEBUG=1",
					"$(inherited)",
				);
				GCC_WARN_64_TO_32_BIT_CONVERSION = YES;
				GCC_WARN_ABOUT_RETURN_TYPE = YES_ERROR;
				GCC_WARN_UNDECLARED_SELECTOR = YES;
				GCC_WARN_UNINITIALIZED_AUTOS = YES_AGGRESSIVE;
				GCC_WARN_UNUSED_FUNCTION = YES;
				GCC_WARN_UNUSED_VARIABLE = YES;
				IPHONEOS_DEPLOYMENT_TARGET = 17.0;
				MTL_ENABLE_DEBUG_INFO = INCLUDE_SOURCE;
				MTL_FAST_MATH = YES;
				ONLY_ACTIVE_ARCH = YES;
				SDKROOT = iphoneos;
				SWIFT_ACTIVE_COMPILATION_CONDITIONS = "DEBUG $(inherited)";
				SWIFT_OPTIMIZATION_LEVEL = "-Onone";
			};
			name = Debug;
		};
		5E2950360A2241A8B922DB5D /* Release */ = {
			isa = XCBuildConfiguration;
			buildSettings = {
				ALWAYS_SEARCH_USER_PATHS = NO;
				ASSETCATALOG_COMPILER_GENERATE_SWIFT_ASSET_SYMBOL_EXTENSIONS = YES;
				CLANG_ANALYZER_NONNULL = YES;
				CLANG_ANALYZER_NUMBER_OBJECT_CONVERSION = YES_AGGRESSIVE;
				CLANG_CXX_LANGUAGE_STANDARD = "gnu++20";
				CLANG_ENABLE_MODULES = YES;
				CLANG_ENABLE_OBJC_ARC = YES;
				CLANG_ENABLE_OBJC_WEAK = YES;
				CLANG_WARN_BLOCK_CAPTURE_AUTORELEASING = YES;
				CLANG_WARN_BOOL_CONVERSION = YES;
				CLANG_WARN_COMMA = YES;
				CLANG_WARN_CONSTANT_CONVERSION = YES;
				CLANG_WARN_DEPRECATED_OBJC_IMPLEMENTATIONS = YES;
				CLANG_WARN_DIRECT_OBJC_ISA_USAGE = YES_ERROR;
				CLANG_WARN_DOCUMENTATION_COMMENTS = YES;
				CLANG_WARN_EMPTY_BODY = YES;
				CLANG_WARN_ENUM_CONVERSION = YES;
				CLANG_WARN_INFINITE_RECURSION = YES;
				CLANG_WARN_INT_CONVERSION = YES;
				CLANG_WARN_NON_LITERAL_NULL_CONVERSION = YES;
				CLANG_WARN_OBJC_IMPLICIT_RETAIN_SELF = YES;
				CLANG_WARN_OBJC_LITERAL_CONVERSION = YES;
				CLANG_WARN_OBJC_ROOT_CLASS = YES_ERROR;
				CLANG_WARN_QUOTED_INCLUDE_IN_FRAMEWORK_HEADER = YES;
				CLANG_WARN_RANGE_LOOP_ANALYSIS = YES;
				CLANG_WARN_STRICT_PROTOTYPES = YES;
				CLANG_WARN_SUSPICIOUS_MOVE = YES;
				CLANG_WARN_UNGUARDED_AVAILABILITY = YES_AGGRESSIVE;
				CLANG_WARN_UNREACHABLE_CODE = YES;
				CLANG_WARN__DUPLICATE_METHOD_MATCH = YES;
				COPY_PHASE_STRIP = NO;
				DEBUG_INFORMATION_FORMAT = "dwarf-with-dsym";
				ENABLE_NS_ASSERTIONS = NO;
				ENABLE_STRICT_OBJC_MSGSEND = YES;
				ENABLE_USER_SCRIPT_SANDBOXING = YES;
				GCC_C_LANGUAGE_STANDARD = gnu17;
				GCC_NO_COMMON_BLOCKS = YES;
				GCC_WARN_64_TO_32_BIT_CONVERSION = YES;
				GCC_WARN_ABOUT_RETURN_TYPE = YES_ERROR;
				GCC_WARN_UNDECLARED_SELECTOR = YES;
				GCC_WARN_UNINITIALIZED_AUTOS = YES_AGGRESSIVE;
				GCC_WARN_UNUSED_FUNCTION = YES;
				GCC_WARN_UNUSED_VARIABLE = YES;
				IPHONEOS_DEPLOYMENT_TARGET = 17.0;
				MTL_ENABLE_DEBUG_INFO = NO;
				MTL_FAST_MATH = YES;
				SDKROOT = iphoneos;
				SWIFT_COMPILATION_MODE = wholemodule;
				VALIDATE_PRODUCT = YES;
			};
			name = Release;
		};
		FB944210FAEB4170A827ACBA /* Debug */ = {
			isa = XCBuildConfiguration;
			buildSettings = {
				ASSETCATALOG_COMPILER_APPICON_NAME = AppIcon;
				ASSETCATALOG_COMPILER_GLOBAL_ACCENT_COLOR_NAME = AccentColor;
				CODE_SIGN_STYLE = Automatic;
				CURRENT_PROJECT_VERSION = 1;
				DEVELOPMENT_ASSET_PATHS = "\"TrialUnity/Preview Content\"";
				ENABLE_PREVIEWS = YES;
				GENERATE_INFOPLIST_FILE = YES;
				INFOPLIST_FILE = "TrialUnity/Resources/Info-Debug.plist";
				INFOPLIST_KEY_CFBundleDisplayName = TrialUnity;
				INFOPLIST_KEY_UIApplicationSceneManifest_Generation = YES;
				INFOPLIST_KEY_UIApplicationSupportsIndirectInputEvents = YES;
				INFOPLIST_KEY_UILaunchScreen_Generation = YES;
				INFOPLIST_KEY_UISupportedInterfaceOrientations = "UIInterfaceOrientationPortrait UIInterfaceOrientationLandscapeLeft UIInterfaceOrientationLandscapeRight";
				"INFOPLIST_KEY_UISupportedInterfaceOrientations~ipad" = "UIInterfaceOrientationPortrait UIInterfaceOrientationPortraitUpsideDown UIInterfaceOrientationLandscapeLeft UIInterfaceOrientationLandscapeRight";
				LD_RUNPATH_SEARCH_PATHS = (
					"$(inherited)",
					"@executable_path/Frameworks",
				);
				MARKETING_VERSION = 1.0;
				PRODUCT_BUNDLE_IDENTIFIER = com.trialunity.TrialUnity;
				PRODUCT_NAME = "$(TARGET_NAME)";
				SWIFT_EMIT_LOC_STRINGS = YES;
				SWIFT_VERSION = 5.0;
				TARGETED_DEVICE_FAMILY = "1,2";
			};
			name = Debug;
		};
		E5DD684353554C2B94CA6EB7 /* Release */ = {
			isa = XCBuildConfiguration;
			buildSettings = {
				ASSETCATALOG_COMPILER_APPICON_NAME = AppIcon;
				ASSETCATALOG_COMPILER_GLOBAL_ACCENT_COLOR_NAME = AccentColor;
				CODE_SIGN_STYLE = Automatic;
				CURRENT_PROJECT_VERSION = 1;
				DEVELOPMENT_ASSET_PATHS = "\"TrialUnity/Preview Content\"";
				ENABLE_PREVIEWS = YES;
				GENERATE_INFOPLIST_FILE = YES;
				INFOPLIST_KEY_CFBundleDisplayName = TrialUnity;
				INFOPLIST_KEY_UIApplicationSceneManifest_Generation = YES;
				INFOPLIST_KEY_UIApplicationSupportsIndirectInputEvents = YES;
				INFOPLIST_KEY_UILaunchScreen_Generation = YES;
				INFOPLIST_KEY_UISupportedInterfaceOrientations = "UIInterfaceOrientationPortrait UIInterfaceOrientationLandscapeLeft UIInterfaceOrientationLandscapeRight";
				"INFOPLIST_KEY_UISupportedInterfaceOrientations~ipad" = "UIInterfaceOrientationPortrait UIInterfaceOrientationPortraitUpsideDown UIInterfaceOrientationLandscapeLeft UIInterfaceOrientationLandscapeRight";
				LD_RUNPATH_SEARCH_PATHS = (
					"$(inherited)",
					"@executable_path/Frameworks",
				);
				MARKETING_VERSION = 1.0;
				PRODUCT_BUNDLE_IDENTIFIER = com.trialunity.TrialUnity;
				PRODUCT_NAME = "$(TARGET_NAME)";
				SWIFT_EMIT_LOC_STRINGS = YES;
				SWIFT_VERSION = 5.0;
				TARGETED_DEVICE_FAMILY = "1,2";
			};
			name = Release;
		};
/* End XCBuildConfiguration section */

/* Begin XCConfigurationList section */
		B23CA76D64CE48889294E788 /* Build configuration list for PBXProject "TrialUnity" */ = {
			isa = XCConfigurationList;
			buildConfigurations = (
				90B640A76B6E4CF1A594305D /* Debug */,
				5E2950360A2241A8B922DB5D /* Release */,
			);
			defaultConfigurationIsVisible = 0;
			defaultConfigurationName = Release;
		};
		1954FE3A4D9E4984BDA48144 /* Build configuration list for PBXNativeTarget "TrialUnity" */ = {
			isa = XCConfigurationList;
			buildConfigurations = (
				FB944210FAEB4170A827ACBA /* Debug */,
				E5DD684353554C2B94CA6EB7 /* Release */,
			);
			defaultConfigurationIsVisible = 0;
			defaultConfigurationName = Release;
		};
/* End XCConfigurationList section */

	};
	rootObject = 5EF3537ACDB34AB586BD47A1 /* Project object */;
}
