// !$*UTF8*$!
{
	archiveVersion = 1;
	classes = {
	};
	objectVersion = 56;
	objects = {

/* Begin PBXBuildFile section */
		0709907DFB474C0DBDD89675 /* SavedTrials.swift in Sources */ = {isa = PBXBuildFile; fileRef = 34F840DCE5844D54858DC76A /* SavedTrials.swift */; };
		0C8D038C28754DD5967B0001 /* AppRoute.swift in Sources */ = {isa = PBXBuildFile; fileRef = F7EA93683EC446F6B63F198B /* AppRoute.swift */; };
		0E67F7C7EAC54E49B2FD6B9D /* WizardScaffold.swift in Sources */ = {isa = PBXBuildFile; fileRef = E516C18D476540ECB13997C9 /* WizardScaffold.swift */; };
		1A7815874E994E88B4A49C10 /* TreatmentStepView.swift in Sources */ = {isa = PBXBuildFile; fileRef = FC899DDBD68F41A48ACDF42F /* TreatmentStepView.swift */; };
		1D31DBBB2A514BF58F790B80 /* TierStyle.swift in Sources */ = {isa = PBXBuildFile; fileRef = 447F4B39F6C3441AB2E42E23 /* TierStyle.swift */; };
		2067351D6D524CC19F3945B0 /* PrimaryButton.swift in Sources */ = {isa = PBXBuildFile; fileRef = 9D9A34C4CCDA4E6C88D187CD /* PrimaryButton.swift */; };
		25302EDC047B4A508B1F316A /* APIClient.swift in Sources */ = {isa = PBXBuildFile; fileRef = 156D4726B04D4184BEE56ED2 /* APIClient.swift */; };
		304509BF94774043A9FB72C5 /* SelectableRow.swift in Sources */ = {isa = PBXBuildFile; fileRef = C923A74D42754E649B825AD3 /* SelectableRow.swift */; };
		30836CE864334F3F8B58AEFC /* CoverageBar.swift in Sources */ = {isa = PBXBuildFile; fileRef = 38708EA4B4E54E1CB3F86F48 /* CoverageBar.swift */; };
		3306885B4EC145D19C4A7DA0 /* ESRDisplay.swift in Sources */ = {isa = PBXBuildFile; fileRef = 83ADC73DFE334792B4E99294 /* ESRDisplay.swift */; };
		370BCC49200048D38D353953 /* ESRScoreView.swift in Sources */ = {isa = PBXBuildFile; fileRef = 0F62177DCE84491285DA357C /* ESRScoreView.swift */; };
		3788EB6E4E894EB091BD5104 /* TrialUnity/Core/Models/TrialLocations.swift in Sources */ = {isa = PBXBuildFile; fileRef = E71B66319A054581923100ED /* TrialUnity/Core/Models/TrialLocations.swift */; };
		38E6F3E9B1074E3D9FBF2547 /* AgeStepView.swift in Sources */ = {isa = PBXBuildFile; fileRef = 1BD4092B091048F7A3F8F780 /* AgeStepView.swift */; };
		3B97788AC0E149D5BC43C8A6 /* ScoreFormat.swift in Sources */ = {isa = PBXBuildFile; fileRef = 4906E5C40FD34F3AA07750F8 /* ScoreFormat.swift */; };
		3C81D0A5C57446C1936B0D08 /* ProfileOptions.swift in Sources */ = {isa = PBXBuildFile; fileRef = B06C9A81CC4E4B06B51E605B /* ProfileOptions.swift */; };
		404B9975DDD6426BB71EF799 /* MatchingFunnelView.swift in Sources */ = {isa = PBXBuildFile; fileRef = FE3DF702A875471DBE4D65AC /* MatchingFunnelView.swift */; };
		4AA7A345BAE84DB990EF2C5D /* TrialUnity/Core/Models/SearchHistory.swift in Sources */ = {isa = PBXBuildFile; fileRef = 0CEBD2240D274A5288C477C2 /* TrialUnity/Core/Models/SearchHistory.swift */; };
		4B8788C6F93B4F03A8AB5669 /* TrialUnity/Features/Profile/DocumentScannerView.swift in Sources */ = {isa = PBXBuildFile; fileRef = 3FA76C2B95AE4DC291041D02 /* TrialUnity/Features/Profile/DocumentScannerView.swift */; };
		4F6DB5972C1F492E8AD7F142 /* APIConfiguration.swift in Sources */ = {isa = PBXBuildFile; fileRef = 80BC83FF33224B568F7A61D7 /* APIConfiguration.swift */; };
		4FCD2976C64446038B857766 /* MatchSignal.swift in Sources */ = {isa = PBXBuildFile; fileRef = 9D9F98363AFD449B8A6FCEA7 /* MatchSignal.swift */; };
		5131913FBEAD4543B7D1EB7B /* PatientProfileDraft.swift in Sources */ = {isa = PBXBuildFile; fileRef = DF695E22BB3049C5BC461E80 /* PatientProfileDraft.swift */; };
		5138C254D80E45C8BE390731 /* MatchingModel.swift in Sources */ = {isa = PBXBuildFile; fileRef = 9EFDB4D3E0724269BA2316A6 /* MatchingModel.swift */; };
		51491ADA898448DFBF51C3B8 /* TagChip.swift in Sources */ = {isa = PBXBuildFile; fileRef = B920F16BD58741A0ADA22AA0 /* TagChip.swift */; };
		51522FDCFF964852B158A5C8 /* MatchTraceView.swift in Sources */ = {isa = PBXBuildFile; fileRef = D256E2E7F66E4EBEA449995D /* MatchTraceView.swift */; };
		5CB95EA2B3804692B8FA727F /* SavedTrialsView.swift in Sources */ = {isa = PBXBuildFile; fileRef = E4273DDDBB5B45BFAD9F6161 /* SavedTrialsView.swift */; };
		613094A6C26D42FD80B48034 /* TrialUnity/Core/Models/PatientPresentation.swift in Sources */ = {isa = PBXBuildFile; fileRef = 9985CE14919E4410B59A1228 /* TrialUnity/Core/Models/PatientPresentation.swift */; };
		637A0D3D4EE647CB8816218E /* TrialUnity/Features/Appointment/AppointmentModeView.swift in Sources */ = {isa = PBXBuildFile; fileRef = F64E9124303745D094549AA7 /* TrialUnity/Features/Appointment/AppointmentModeView.swift */; };
		6B6EDB9E4AD94325BF30C61B /* RelevanceTier.swift in Sources */ = {isa = PBXBuildFile; fileRef = F9220C37F2554B949A3810D9 /* RelevanceTier.swift */; };
		712125444C2C48158737566B /* FlowLayout.swift in Sources */ = {isa = PBXBuildFile; fileRef = D166294434A44CE7B5D28592 /* FlowLayout.swift */; };
		7209528DA4DF403EB557907F /* AmberCallout.swift in Sources */ = {isa = PBXBuildFile; fileRef = E3ADA878DBB2415C8E1CF70D /* AmberCallout.swift */; };
		7443661BDAA04BBBBE84239A /* TrialUnity/Core/Models/DocumentProfileAssist.swift in Sources */ = {isa = PBXBuildFile; fileRef = 07EB772E2A314623AEE19CDC /* TrialUnity/Core/Models/DocumentProfileAssist.swift */; };
		7507B86CB6B94CD5811D1677 /* StepProgressView.swift in Sources */ = {isa = PBXBuildFile; fileRef = A5D4EB4EEAC648D182BBFAC9 /* StepProgressView.swift */; };
		78003B8DDE434E4BA96D053E /* TrialUnity/Core/Models/AppointmentSession.swift in Sources */ = {isa = PBXBuildFile; fileRef = 4D5489E7EA8F42FBA7286402 /* TrialUnity/Core/Models/AppointmentSession.swift */; };
		831FD99A771B4555A98217C3 /* Theme.swift in Sources */ = {isa = PBXBuildFile; fileRef = CA5DC22446544287A843ED7A /* Theme.swift */; };
		8B429FE7522843EB9CA454BB /* OutlinedTextField.swift in Sources */ = {isa = PBXBuildFile; fileRef = 022296483B304800B23BCBC9 /* OutlinedTextField.swift */; };
		909A6AA08E704C879696E096 /* APIModels.swift in Sources */ = {isa = PBXBuildFile; fileRef = B25E6436B6494224B888C382 /* APIModels.swift */; };
		9221C543CA154327BA612354 /* RootView.swift in Sources */ = {isa = PBXBuildFile; fileRef = 886B72E12BE04E798866232F /* RootView.swift */; };
		9333E4C726764B50986C6F5A /* RepresentationRiskView.swift in Sources */ = {isa = PBXBuildFile; fileRef = 2CBA50FEAF5F43B490171151 /* RepresentationRiskView.swift */; };
		95EDF9BDD10A44A785EAD42B /* StatusPill.swift in Sources */ = {isa = PBXBuildFile; fileRef = 05C6296C1DAA47DBBE3E9ED8 /* StatusPill.swift */; };
		9D952756408340B5A611D501 /* Assets.xcassets in Resources */ = {isa = PBXBuildFile; fileRef = 5FDEFF96610C45B6870404F4 /* Assets.xcassets */; };
		A35EA6351DFB4DCD9E51E826 /* APIError.swift in Sources */ = {isa = PBXBuildFile; fileRef = 6D4CFC3CC0D4466D9F5D822D /* APIError.swift */; };
		ABE458BB70224EB99E652043 /* BrandMark.swift in Sources */ = {isa = PBXBuildFile; fileRef = 04732A4B40854520BE4C0FB7 /* BrandMark.swift */; };
		B6649F21E0C342F6A5691A0D /* TrialPassportView.swift in Sources */ = {isa = PBXBuildFile; fileRef = 392DEE908ED94760ADEEABF4 /* TrialPassportView.swift */; };
		B81E0A7E89BB44A58A860830 /* SecondaryButton.swift in Sources */ = {isa = PBXBuildFile; fileRef = 34A40E6C01D8414BBF28B337 /* SecondaryButton.swift */; };
		BBBBF69600624479A53627EB /* SexStepView.swift in Sources */ = {isa = PBXBuildFile; fileRef = FE5D69299D0949E3A1610090 /* SexStepView.swift */; };
		BD907F8B789746FFB99D5A64 /* TravelStepView.swift in Sources */ = {isa = PBXBuildFile; fileRef = 7C0923F7AF0A443891A8CB10 /* TravelStepView.swift */; };
		C13F4F5071FA45EBB1218A21 /* ProfileReviewView.swift in Sources */ = {isa = PBXBuildFile; fileRef = 68433EAC00D44349973C3125 /* ProfileReviewView.swift */; };
		C4584E99BE7E4073BA1D8DC8 /* PassportSection.swift in Sources */ = {isa = PBXBuildFile; fileRef = FEEE97BCB52C4CDD9B8AEAFD /* PassportSection.swift */; };
		C538BD0AFD9B431289BE4F5F /* SavedTrialRow.swift in Sources */ = {isa = PBXBuildFile; fileRef = 3ADF12151AF8403185F7B6B7 /* SavedTrialRow.swift */; };
		C571E2B95CD94E94BBE57ACF /* Haptics.swift in Sources */ = {isa = PBXBuildFile; fileRef = 3B44AC418B6F4C4EB2007242 /* Haptics.swift */; };
		C8EDE339EC854FAE8A022E38 /* TrialResultRow.swift in Sources */ = {isa = PBXBuildFile; fileRef = 7FD37978E7444F24ADB2F4D5 /* TrialResultRow.swift */; };
		CA770DACDEDB4F5699E6BB2C /* ProfileStep.swift in Sources */ = {isa = PBXBuildFile; fileRef = A0200177772740E19CDECB47 /* ProfileStep.swift */; };
		CC0EC8E2917F42C3A205F052 /* ProvenanceText.swift in Sources */ = {isa = PBXBuildFile; fileRef = DD65CA8E8D4E45F68C843091 /* ProvenanceText.swift */; };
		DA518ADE34524A38A492CF11 /* ReviewRow.swift in Sources */ = {isa = PBXBuildFile; fileRef = 572615B8DA85421FB256B74C /* ReviewRow.swift */; };
		DC24452E325147BCA92A1E28 /* SelectionCheckRow.swift in Sources */ = {isa = PBXBuildFile; fileRef = 66BA31A28FD74D7085A5E028 /* SelectionCheckRow.swift */; };
		E1C45635D8F140859676A14E /* WelcomeView.swift in Sources */ = {isa = PBXBuildFile; fileRef = ED267A9B0CA4427893C953EB /* WelcomeView.swift */; };
		E49BBB43190C4D0FAEF10636 /* ConditionStepView.swift in Sources */ = {isa = PBXBuildFile; fileRef = F9FDBBC654534E12BFE5688F /* ConditionStepView.swift */; };
		E8AF8464ACD54468A61FA5AB /* MatchingView.swift in Sources */ = {isa = PBXBuildFile; fileRef = A8A70D0F38BF4A1985BFED1F /* MatchingView.swift */; };
		E9CC0E12EB15480394368B6A /* TrialUnity/Features/Locations/TrialLocationsView.swift in Sources */ = {isa = PBXBuildFile; fileRef = CF5D8EE3365546219EC9C16D /* TrialUnity/Features/Locations/TrialLocationsView.swift */; };
		EA9DBD86A94B4C299B430DFD /* LocationStepView.swift in Sources */ = {isa = PBXBuildFile; fileRef = DEE5FECE34B74525B9534AF6 /* LocationStepView.swift */; };
		EBFEF06C90634BD6ACD463E3 /* NotesStepView.swift in Sources */ = {isa = PBXBuildFile; fileRef = 285A9D6E6E644C5AB43024D5 /* NotesStepView.swift */; };
		ECB26F21C688465E81244669 /* TrialUnityApp.swift in Sources */ = {isa = PBXBuildFile; fileRef = 28539D3D55924B759B72CAFF /* TrialUnityApp.swift */; };
		ED8B01A6534B4262A1CCDCA3 /* TrialUnity/Core/Components/Composition.swift in Sources */ = {isa = PBXBuildFile; fileRef = A81E04BF573A4D93AD4018F8 /* TrialUnity/Core/Components/Composition.swift */; };
		EECBFBCBA0674A78B4A97189 /* Typography.swift in Sources */ = {isa = PBXBuildFile; fileRef = 03BC5E2FF340451EAD05D74A /* Typography.swift */; };
		F66D1849F334430883291C48 /* CardContainer.swift in Sources */ = {isa = PBXBuildFile; fileRef = 51A714059B704694AD93B73B /* CardContainer.swift */; };
/* End PBXBuildFile section */

/* Begin PBXFileReference section */
		022296483B304800B23BCBC9 /* OutlinedTextField.swift */ = {isa = PBXFileReference; lastKnownFileType = sourcecode.swift; path = OutlinedTextField.swift; sourceTree = "<group>"; };
		03BC5E2FF340451EAD05D74A /* Typography.swift */ = {isa = PBXFileReference; lastKnownFileType = sourcecode.swift; path = Typography.swift; sourceTree = "<group>"; };
		04732A4B40854520BE4C0FB7 /* BrandMark.swift */ = {isa = PBXFileReference; lastKnownFileType = sourcecode.swift; path = BrandMark.swift; sourceTree = "<group>"; };
		05C6296C1DAA47DBBE3E9ED8 /* StatusPill.swift */ = {isa = PBXFileReference; lastKnownFileType = sourcecode.swift; path = StatusPill.swift; sourceTree = "<group>"; };
		07D1EFEFE9E94C9C86C00508 /* Preview Assets.xcassets */ = {isa = PBXFileReference; lastKnownFileType = folder.assetcatalog; path = "Preview Assets.xcassets"; sourceTree = "<group>"; };
		07EB772E2A314623AEE19CDC /* TrialUnity/Core/Models/DocumentProfileAssist.swift */ = {isa = PBXFileReference; lastKnownFileType = sourcecode.swift; path = TrialUnity/Core/Models/DocumentProfileAssist.swift; sourceTree = SOURCE_ROOT; };
		0CEBD2240D274A5288C477C2 /* TrialUnity/Core/Models/SearchHistory.swift */ = {isa = PBXFileReference; lastKnownFileType = sourcecode.swift; path = TrialUnity/Core/Models/SearchHistory.swift; sourceTree = SOURCE_ROOT; };
		0F62177DCE84491285DA357C /* ESRScoreView.swift */ = {isa = PBXFileReference; lastKnownFileType = sourcecode.swift; path = ESRScoreView.swift; sourceTree = "<group>"; };
		156D4726B04D4184BEE56ED2 /* APIClient.swift */ = {isa = PBXFileReference; lastKnownFileType = sourcecode.swift; path = APIClient.swift; sourceTree = "<group>"; };
		1BD4092B091048F7A3F8F780 /* AgeStepView.swift */ = {isa = PBXFileReference; lastKnownFileType = sourcecode.swift; path = AgeStepView.swift; sourceTree = "<group>"; };
		28539D3D55924B759B72CAFF /* TrialUnityApp.swift */ = {isa = PBXFileReference; lastKnownFileType = sourcecode.swift; path = TrialUnityApp.swift; sourceTree = "<group>"; };
		285A9D6E6E644C5AB43024D5 /* NotesStepView.swift */ = {isa = PBXFileReference; lastKnownFileType = sourcecode.swift; path = NotesStepView.swift; sourceTree = "<group>"; };
		2CBA50FEAF5F43B490171151 /* RepresentationRiskView.swift */ = {isa = PBXFileReference; lastKnownFileType = sourcecode.swift; path = RepresentationRiskView.swift; sourceTree = "<group>"; };
		34A40E6C01D8414BBF28B337 /* SecondaryButton.swift */ = {isa = PBXFileReference; lastKnownFileType = sourcecode.swift; path = SecondaryButton.swift; sourceTree = "<group>"; };
		34F840DCE5844D54858DC76A /* SavedTrials.swift */ = {isa = PBXFileReference; lastKnownFileType = sourcecode.swift; path = SavedTrials.swift; sourceTree = "<group>"; };
		38708EA4B4E54E1CB3F86F48 /* CoverageBar.swift */ = {isa = PBXFileReference; lastKnownFileType = sourcecode.swift; path = CoverageBar.swift; sourceTree = "<group>"; };
		392DEE908ED94760ADEEABF4 /* TrialPassportView.swift */ = {isa = PBXFileReference; lastKnownFileType = sourcecode.swift; path = TrialPassportView.swift; sourceTree = "<group>"; };
		3ADF12151AF8403185F7B6B7 /* SavedTrialRow.swift */ = {isa = PBXFileReference; lastKnownFileType = sourcecode.swift; path = SavedTrialRow.swift; sourceTree = "<group>"; };
		3B44AC418B6F4C4EB2007242 /* Haptics.swift */ = {isa = PBXFileReference; lastKnownFileType = sourcecode.swift; path = Haptics.swift; sourceTree = "<group>"; };
		3FA76C2B95AE4DC291041D02 /* TrialUnity/Features/Profile/DocumentScannerView.swift */ = {isa = PBXFileReference; lastKnownFileType = sourcecode.swift; path = TrialUnity/Features/Profile/DocumentScannerView.swift; sourceTree = SOURCE_ROOT; };
		447F4B39F6C3441AB2E42E23 /* TierStyle.swift */ = {isa = PBXFileReference; lastKnownFileType = sourcecode.swift; path = TierStyle.swift; sourceTree = "<group>"; };
		4906E5C40FD34F3AA07750F8 /* ScoreFormat.swift */ = {isa = PBXFileReference; lastKnownFileType = sourcecode.swift; path = ScoreFormat.swift; sourceTree = "<group>"; };
		4D5489E7EA8F42FBA7286402 /* TrialUnity/Core/Models/AppointmentSession.swift */ = {isa = PBXFileReference; lastKnownFileType = sourcecode.swift; path = TrialUnity/Core/Models/AppointmentSession.swift; sourceTree = SOURCE_ROOT; };
		51A714059B704694AD93B73B /* CardContainer.swift */ = {isa = PBXFileReference; lastKnownFileType = sourcecode.swift; path = CardContainer.swift; sourceTree = "<group>"; };
		572615B8DA85421FB256B74C /* ReviewRow.swift */ = {isa = PBXFileReference; lastKnownFileType = sourcecode.swift; path = ReviewRow.swift; sourceTree = "<group>"; };
		5FDEFF96610C45B6870404F4 /* Assets.xcassets */ = {isa = PBXFileReference; lastKnownFileType = folder.assetcatalog; path = Assets.xcassets; sourceTree = "<group>"; };
		66BA31A28FD74D7085A5E028 /* SelectionCheckRow.swift */ = {isa = PBXFileReference; lastKnownFileType = sourcecode.swift; path = SelectionCheckRow.swift; sourceTree = "<group>"; };
		68433EAC00D44349973C3125 /* ProfileReviewView.swift */ = {isa = PBXFileReference; lastKnownFileType = sourcecode.swift; path = ProfileReviewView.swift; sourceTree = "<group>"; };
		6D4CFC3CC0D4466D9F5D822D /* APIError.swift */ = {isa = PBXFileReference; lastKnownFileType = sourcecode.swift; path = APIError.swift; sourceTree = "<group>"; };
		708F2F5B34664E4D92154639 /* TrialUnity.app */ = {isa = PBXFileReference; explicitFileType = wrapper.application; includeInIndex = 0; path = TrialUnity.app; sourceTree = BUILT_PRODUCTS_DIR; };
		7C0923F7AF0A443891A8CB10 /* TravelStepView.swift */ = {isa = PBXFileReference; lastKnownFileType = sourcecode.swift; path = TravelStepView.swift; sourceTree = "<group>"; };
		7FD37978E7444F24ADB2F4D5 /* TrialResultRow.swift */ = {isa = PBXFileReference; lastKnownFileType = sourcecode.swift; path = TrialResultRow.swift; sourceTree = "<group>"; };
		80BC83FF33224B568F7A61D7 /* APIConfiguration.swift */ = {isa = PBXFileReference; lastKnownFileType = sourcecode.swift; path = APIConfiguration.swift; sourceTree = "<group>"; };
		83ADC73DFE334792B4E99294 /* ESRDisplay.swift */ = {isa = PBXFileReference; lastKnownFileType = sourcecode.swift; path = ESRDisplay.swift; sourceTree = "<group>"; };
		886B72E12BE04E798866232F /* RootView.swift */ = {isa = PBXFileReference; lastKnownFileType = sourcecode.swift; path = RootView.swift; sourceTree = "<group>"; };
		9985CE14919E4410B59A1228 /* TrialUnity/Core/Models/PatientPresentation.swift */ = {isa = PBXFileReference; lastKnownFileType = sourcecode.swift; path = TrialUnity/Core/Models/PatientPresentation.swift; sourceTree = SOURCE_ROOT; };
		9D9A34C4CCDA4E6C88D187CD /* PrimaryButton.swift */ = {isa = PBXFileReference; lastKnownFileType = sourcecode.swift; path = PrimaryButton.swift; sourceTree = "<group>"; };
		9D9F98363AFD449B8A6FCEA7 /* MatchSignal.swift */ = {isa = PBXFileReference; lastKnownFileType = sourcecode.swift; path = MatchSignal.swift; sourceTree = "<group>"; };
		9E3A0847E2334E60B7CE43D7 /* Info-Debug.plist */ = {isa = PBXFileReference; lastKnownFileType = text.plist.xml; path = "Info-Debug.plist"; sourceTree = "<group>"; };
		9EFDB4D3E0724269BA2316A6 /* MatchingModel.swift */ = {isa = PBXFileReference; lastKnownFileType = sourcecode.swift; path = MatchingModel.swift; sourceTree = "<group>"; };
		A0200177772740E19CDECB47 /* ProfileStep.swift */ = {isa = PBXFileReference; lastKnownFileType = sourcecode.swift; path = ProfileStep.swift; sourceTree = "<group>"; };
		A5D4EB4EEAC648D182BBFAC9 /* StepProgressView.swift */ = {isa = PBXFileReference; lastKnownFileType = sourcecode.swift; path = StepProgressView.swift; sourceTree = "<group>"; };
		A81E04BF573A4D93AD4018F8 /* TrialUnity/Core/Components/Composition.swift */ = {isa = PBXFileReference; lastKnownFileType = sourcecode.swift; path = TrialUnity/Core/Components/Composition.swift; sourceTree = SOURCE_ROOT; };
		A8A70D0F38BF4A1985BFED1F /* MatchingView.swift */ = {isa = PBXFileReference; lastKnownFileType = sourcecode.swift; path = MatchingView.swift; sourceTree = "<group>"; };
		B06C9A81CC4E4B06B51E605B /* ProfileOptions.swift */ = {isa = PBXFileReference; lastKnownFileType = sourcecode.swift; path = ProfileOptions.swift; sourceTree = "<group>"; };
		B25E6436B6494224B888C382 /* APIModels.swift */ = {isa = PBXFileReference; lastKnownFileType = sourcecode.swift; path = APIModels.swift; sourceTree = "<group>"; };
		B49FC3B0E40F4B45A04ED509 /* README.md */ = {isa = PBXFileReference; lastKnownFileType = net.daringfireball.markdown; path = README.md; sourceTree = "<group>"; };
		B920F16BD58741A0ADA22AA0 /* TagChip.swift */ = {isa = PBXFileReference; lastKnownFileType = sourcecode.swift; path = TagChip.swift; sourceTree = "<group>"; };
		C923A74D42754E649B825AD3 /* SelectableRow.swift */ = {isa = PBXFileReference; lastKnownFileType = sourcecode.swift; path = SelectableRow.swift; sourceTree = "<group>"; };
		CA5DC22446544287A843ED7A /* Theme.swift */ = {isa = PBXFileReference; lastKnownFileType = sourcecode.swift; path = Theme.swift; sourceTree = "<group>"; };
		CF5D8EE3365546219EC9C16D /* TrialUnity/Features/Locations/TrialLocationsView.swift */ = {isa = PBXFileReference; lastKnownFileType = sourcecode.swift; path = TrialUnity/Features/Locations/TrialLocationsView.swift; sourceTree = SOURCE_ROOT; };
		D166294434A44CE7B5D28592 /* FlowLayout.swift */ = {isa = PBXFileReference; lastKnownFileType = sourcecode.swift; path = FlowLayout.swift; sourceTree = "<group>"; };
		D256E2E7F66E4EBEA449995D /* MatchTraceView.swift */ = {isa = PBXFileReference; lastKnownFileType = sourcecode.swift; path = MatchTraceView.swift; sourceTree = "<group>"; };
		DD65CA8E8D4E45F68C843091 /* ProvenanceText.swift */ = {isa = PBXFileReference; lastKnownFileType = sourcecode.swift; path = ProvenanceText.swift; sourceTree = "<group>"; };
		DEE5FECE34B74525B9534AF6 /* LocationStepView.swift */ = {isa = PBXFileReference; lastKnownFileType = sourcecode.swift; path = LocationStepView.swift; sourceTree = "<group>"; };
		DF695E22BB3049C5BC461E80 /* PatientProfileDraft.swift */ = {isa = PBXFileReference; lastKnownFileType = sourcecode.swift; path = PatientProfileDraft.swift; sourceTree = "<group>"; };
		E3ADA878DBB2415C8E1CF70D /* AmberCallout.swift */ = {isa = PBXFileReference; lastKnownFileType = sourcecode.swift; path = AmberCallout.swift; sourceTree = "<group>"; };
		E4273DDDBB5B45BFAD9F6161 /* SavedTrialsView.swift */ = {isa = PBXFileReference; lastKnownFileType = sourcecode.swift; path = SavedTrialsView.swift; sourceTree = "<group>"; };
		E516C18D476540ECB13997C9 /* WizardScaffold.swift */ = {isa = PBXFileReference; lastKnownFileType = sourcecode.swift; path = WizardScaffold.swift; sourceTree = "<group>"; };
		E71B66319A054581923100ED /* TrialUnity/Core/Models/TrialLocations.swift */ = {isa = PBXFileReference; lastKnownFileType = sourcecode.swift; path = TrialUnity/Core/Models/TrialLocations.swift; sourceTree = SOURCE_ROOT; };
		ED267A9B0CA4427893C953EB /* WelcomeView.swift */ = {isa = PBXFileReference; lastKnownFileType = sourcecode.swift; path = WelcomeView.swift; sourceTree = "<group>"; };
		F64E9124303745D094549AA7 /* TrialUnity/Features/Appointment/AppointmentModeView.swift */ = {isa = PBXFileReference; lastKnownFileType = sourcecode.swift; path = TrialUnity/Features/Appointment/AppointmentModeView.swift; sourceTree = SOURCE_ROOT; };
		F7EA93683EC446F6B63F198B /* AppRoute.swift */ = {isa = PBXFileReference; lastKnownFileType = sourcecode.swift; path = AppRoute.swift; sourceTree = "<group>"; };
		F9220C37F2554B949A3810D9 /* RelevanceTier.swift */ = {isa = PBXFileReference; lastKnownFileType = sourcecode.swift; path = RelevanceTier.swift; sourceTree = "<group>"; };
		F9FDBBC654534E12BFE5688F /* ConditionStepView.swift */ = {isa = PBXFileReference; lastKnownFileType = sourcecode.swift; path = ConditionStepView.swift; sourceTree = "<group>"; };
		FC899DDBD68F41A48ACDF42F /* TreatmentStepView.swift */ = {isa = PBXFileReference; lastKnownFileType = sourcecode.swift; path = TreatmentStepView.swift; sourceTree = "<group>"; };
		FE3DF702A875471DBE4D65AC /* MatchingFunnelView.swift */ = {isa = PBXFileReference; lastKnownFileType = sourcecode.swift; path = MatchingFunnelView.swift; sourceTree = "<group>"; };
		FE5D69299D0949E3A1610090 /* SexStepView.swift */ = {isa = PBXFileReference; lastKnownFileType = sourcecode.swift; path = SexStepView.swift; sourceTree = "<group>"; };
		FEEE97BCB52C4CDD9B8AEAFD /* PassportSection.swift */ = {isa = PBXFileReference; lastKnownFileType = sourcecode.swift; path = PassportSection.swift; sourceTree = "<group>"; };
/* End PBXFileReference section */

/* Begin PBXFrameworksBuildPhase section */
		2AD7B1DB4AB84ACF93E6800E /* Frameworks */ = {
			isa = PBXFrameworksBuildPhase;
			buildActionMask = 2147483647;
			files = (
			);
			runOnlyForDeploymentPostprocessing = 0;
		};
/* End PBXFrameworksBuildPhase section */

/* Begin PBXGroup section */
		09B4521A68DC4693922232A7 /* Core */ = {
			isa = PBXGroup;
			children = (
				380DC4F75EC8467BA7243471 /* Models */,
				5A4B9AF791624012BB8D312C /* DesignSystem */,
				6073CF8E8EC14214A2467ABC /* Networking */,
				A8AE09B7F0F34D83940E39EB /* Components */,
			);
			path = Core;
			sourceTree = "<group>";
		};
		3070F9C959EA4B8382C47ED1 /* Products */ = {
			isa = PBXGroup;
			children = (
				708F2F5B34664E4D92154639 /* TrialUnity.app */,
			);
			name = Products;
			sourceTree = "<group>";
		};
		380DC4F75EC8467BA7243471 /* Models */ = {
			isa = PBXGroup;
			children = (
				B25E6436B6494224B888C382 /* APIModels.swift */,
				83ADC73DFE334792B4E99294 /* ESRDisplay.swift */,
				9D9F98363AFD449B8A6FCEA7 /* MatchSignal.swift */,
				DF695E22BB3049C5BC461E80 /* PatientProfileDraft.swift */,
				B06C9A81CC4E4B06B51E605B /* ProfileOptions.swift */,
				F9220C37F2554B949A3810D9 /* RelevanceTier.swift */,
				34F840DCE5844D54858DC76A /* SavedTrials.swift */,
				4906E5C40FD34F3AA07750F8 /* ScoreFormat.swift */,
			);
			path = Models;
			sourceTree = "<group>";
		};
		5A4B9AF791624012BB8D312C /* DesignSystem */ = {
			isa = PBXGroup;
			children = (
				3B44AC418B6F4C4EB2007242 /* Haptics.swift */,
				CA5DC22446544287A843ED7A /* Theme.swift */,
				447F4B39F6C3441AB2E42E23 /* TierStyle.swift */,
				03BC5E2FF340451EAD05D74A /* Typography.swift */,
			);
			path = DesignSystem;
			sourceTree = "<group>";
		};
		6073CF8E8EC14214A2467ABC /* Networking */ = {
			isa = PBXGroup;
			children = (
				156D4726B04D4184BEE56ED2 /* APIClient.swift */,
				80BC83FF33224B568F7A61D7 /* APIConfiguration.swift */,
				6D4CFC3CC0D4466D9F5D822D /* APIError.swift */,
			);
			path = Networking;
			sourceTree = "<group>";
		};
		6175D67BDD97455F951583E1 /* TrialUnity */ = {
			isa = PBXGroup;
			children = (
				E8233FA6D6194484B9E25F21 /* App */,
				09B4521A68DC4693922232A7 /* Core */,
				6C6A5993DD2441DBBC1E3722 /* Features */,
				96AF99E37B7949E095B453E4 /* Resources */,
				B42AF75905CA4FDC992428EC /* Preview Content */,
				5FDEFF96610C45B6870404F4 /* Assets.xcassets */,
			);
			path = TrialUnity;
			sourceTree = "<group>";
		};
		61F4C52DC127428D838DD234 /* Profile */ = {
			isa = PBXGroup;
			children = (
				68433EAC00D44349973C3125 /* ProfileReviewView.swift */,
				A0200177772740E19CDECB47 /* ProfileStep.swift */,
				69D64AA3874347CF81A22911 /* Steps */,
			);
			path = Profile;
			sourceTree = "<group>";
		};
		69D64AA3874347CF81A22911 /* Steps */ = {
			isa = PBXGroup;
			children = (
				1BD4092B091048F7A3F8F780 /* AgeStepView.swift */,
				F9FDBBC654534E12BFE5688F /* ConditionStepView.swift */,
				DEE5FECE34B74525B9534AF6 /* LocationStepView.swift */,
				285A9D6E6E644C5AB43024D5 /* NotesStepView.swift */,
				FE5D69299D0949E3A1610090 /* SexStepView.swift */,
				7C0923F7AF0A443891A8CB10 /* TravelStepView.swift */,
				FC899DDBD68F41A48ACDF42F /* TreatmentStepView.swift */,
			);
			path = Steps;
			sourceTree = "<group>";
		};
		6C6A5993DD2441DBBC1E3722 /* Features */ = {
			isa = PBXGroup;
			children = (
				C602475DBDDD447DB95DC0A5 /* Welcome */,
				61F4C52DC127428D838DD234 /* Profile */,
				D0D7B312BC3848178CC6E0A6 /* Matching */,
				EF7F6339463B4630BB1B5192 /* Saved */,
			);
			path = Features;
			sourceTree = "<group>";
		};
		96AF99E37B7949E095B453E4 /* Resources */ = {
			isa = PBXGroup;
			children = (
				B49FC3B0E40F4B45A04ED509 /* README.md */,
				9E3A0847E2334E60B7CE43D7 /* Info-Debug.plist */,
			);
			path = Resources;
			sourceTree = "<group>";
		};
		9F7D27F5318144AC9B582606 = {
			isa = PBXGroup;
			children = (
				6175D67BDD97455F951583E1 /* TrialUnity */,
				3070F9C959EA4B8382C47ED1 /* Products */,
			);
			sourceTree = "<group>";
		};
		A8AE09B7F0F34D83940E39EB /* Components */ = {
			isa = PBXGroup;
			children = (
				E3ADA878DBB2415C8E1CF70D /* AmberCallout.swift */,
				04732A4B40854520BE4C0FB7 /* BrandMark.swift */,
				51A714059B704694AD93B73B /* CardContainer.swift */,
				38708EA4B4E54E1CB3F86F48 /* CoverageBar.swift */,
				0F62177DCE84491285DA357C /* ESRScoreView.swift */,
				D166294434A44CE7B5D28592 /* FlowLayout.swift */,
				D256E2E7F66E4EBEA449995D /* MatchTraceView.swift */,
				FE3DF702A875471DBE4D65AC /* MatchingFunnelView.swift */,
				022296483B304800B23BCBC9 /* OutlinedTextField.swift */,
				FEEE97BCB52C4CDD9B8AEAFD /* PassportSection.swift */,
				9D9A34C4CCDA4E6C88D187CD /* PrimaryButton.swift */,
				DD65CA8E8D4E45F68C843091 /* ProvenanceText.swift */,
				2CBA50FEAF5F43B490171151 /* RepresentationRiskView.swift */,
				572615B8DA85421FB256B74C /* ReviewRow.swift */,
				3ADF12151AF8403185F7B6B7 /* SavedTrialRow.swift */,
				34A40E6C01D8414BBF28B337 /* SecondaryButton.swift */,
				C923A74D42754E649B825AD3 /* SelectableRow.swift */,
				66BA31A28FD74D7085A5E028 /* SelectionCheckRow.swift */,
				05C6296C1DAA47DBBE3E9ED8 /* StatusPill.swift */,
				A5D4EB4EEAC648D182BBFAC9 /* StepProgressView.swift */,
				B920F16BD58741A0ADA22AA0 /* TagChip.swift */,
				7FD37978E7444F24ADB2F4D5 /* TrialResultRow.swift */,
				E516C18D476540ECB13997C9 /* WizardScaffold.swift */,
			);
			path = Components;
			sourceTree = "<group>";
		};
		B42AF75905CA4FDC992428EC /* Preview Content */ = {
			isa = PBXGroup;
			children = (
				07D1EFEFE9E94C9C86C00508 /* Preview Assets.xcassets */,
			);
			name = "Preview Content";
			path = PreviewContent;
			sourceTree = "<group>";
		};
		C602475DBDDD447DB95DC0A5 /* Welcome */ = {
			isa = PBXGroup;
			children = (
				ED267A9B0CA4427893C953EB /* WelcomeView.swift */,
			);
			path = Welcome;
			sourceTree = "<group>";
		};
		D0D7B312BC3848178CC6E0A6 /* Matching */ = {
			isa = PBXGroup;
			children = (
				9EFDB4D3E0724269BA2316A6 /* MatchingModel.swift */,
				A8A70D0F38BF4A1985BFED1F /* MatchingView.swift */,
				392DEE908ED94760ADEEABF4 /* TrialPassportView.swift */,
			);
			path = Matching;
			sourceTree = "<group>";
		};
		E8233FA6D6194484B9E25F21 /* App */ = {
			isa = PBXGroup;
			children = (
				0CEBD2240D274A5288C477C2 /* TrialUnity/Core/Models/SearchHistory.swift */,
				3FA76C2B95AE4DC291041D02 /* TrialUnity/Features/Profile/DocumentScannerView.swift */,
				07EB772E2A314623AEE19CDC /* TrialUnity/Core/Models/DocumentProfileAssist.swift */,
				CF5D8EE3365546219EC9C16D /* TrialUnity/Features/Locations/TrialLocationsView.swift */,
				F64E9124303745D094549AA7 /* TrialUnity/Features/Appointment/AppointmentModeView.swift */,
				E71B66319A054581923100ED /* TrialUnity/Core/Models/TrialLocations.swift */,
				4D5489E7EA8F42FBA7286402 /* TrialUnity/Core/Models/AppointmentSession.swift */,
				A81E04BF573A4D93AD4018F8 /* TrialUnity/Core/Components/Composition.swift */,
				9985CE14919E4410B59A1228 /* TrialUnity/Core/Models/PatientPresentation.swift */,
				F7EA93683EC446F6B63F198B /* AppRoute.swift */,
				886B72E12BE04E798866232F /* RootView.swift */,
				28539D3D55924B759B72CAFF /* TrialUnityApp.swift */,
			);
			path = App;
			sourceTree = "<group>";
		};
		EF7F6339463B4630BB1B5192 /* Saved */ = {
			isa = PBXGroup;
			children = (
				E4273DDDBB5B45BFAD9F6161 /* SavedTrialsView.swift */,
			);
			path = Saved;
			sourceTree = "<group>";
		};
/* End PBXGroup section */

/* Begin PBXNativeTarget section */
		B59E451D3CAC464DBC61067F /* TrialUnity */ = {
			isa = PBXNativeTarget;
			buildConfigurationList = A6A26D938755463BA21A86A8 /* Build configuration list for PBXNativeTarget "TrialUnity" */;
			buildPhases = (
				A765E2A973394E4C9FBE5B1E /* Sources */,
				2AD7B1DB4AB84ACF93E6800E /* Frameworks */,
				7226767AC12D4F17A87D47FA /* Resources */,
			);
			buildRules = (
			);
			dependencies = (
			);
			name = TrialUnity;
			productName = TrialUnity;
			productReference = 708F2F5B34664E4D92154639 /* TrialUnity.app */;
			productType = "com.apple.product-type.application";
		};
/* End PBXNativeTarget section */

/* Begin PBXProject section */
		B61549015FDA4518A1062409 /* Project object */ = {
			isa = PBXProject;
			attributes = {
				BuildIndependentTargetsInParallel = 1;
				LastSwiftUpdateCheck = 1600;
				LastUpgradeCheck = 1600;
				TargetAttributes = {
					B59E451D3CAC464DBC61067F = {
						CreatedOnToolsVersion = 16.0;
					};
				};
			};
			buildConfigurationList = B60EE18566234CDDA550ED76 /* Build configuration list for PBXProject "TrialUnity" */;
			compatibilityVersion = "Xcode 14.0";
			developmentRegion = en;
			hasScannedForEncodings = 0;
			knownRegions = (
				en,
				Base,
			);
			mainGroup = 9F7D27F5318144AC9B582606;
			productRefGroup = 3070F9C959EA4B8382C47ED1 /* Products */;
			projectDirPath = "";
			projectRoot = "";
			targets = (
				B59E451D3CAC464DBC61067F /* TrialUnity */,
			);
		};
/* End PBXProject section */

/* Begin PBXResourcesBuildPhase section */
		7226767AC12D4F17A87D47FA /* Resources */ = {
			isa = PBXResourcesBuildPhase;
			buildActionMask = 2147483647;
			files = (
				9D952756408340B5A611D501 /* Assets.xcassets in Resources */,
			);
			runOnlyForDeploymentPostprocessing = 0;
		};
/* End PBXResourcesBuildPhase section */

/* Begin PBXSourcesBuildPhase section */
		A765E2A973394E4C9FBE5B1E /* Sources */ = {
			isa = PBXSourcesBuildPhase;
			buildActionMask = 2147483647;
			files = (
				4AA7A345BAE84DB990EF2C5D /* TrialUnity/Core/Models/SearchHistory.swift in Sources */,
				4B8788C6F93B4F03A8AB5669 /* TrialUnity/Features/Profile/DocumentScannerView.swift in Sources */,
				7443661BDAA04BBBBE84239A /* TrialUnity/Core/Models/DocumentProfileAssist.swift in Sources */,
				E9CC0E12EB15480394368B6A /* TrialUnity/Features/Locations/TrialLocationsView.swift in Sources */,
				637A0D3D4EE647CB8816218E /* TrialUnity/Features/Appointment/AppointmentModeView.swift in Sources */,
				3788EB6E4E894EB091BD5104 /* TrialUnity/Core/Models/TrialLocations.swift in Sources */,
				78003B8DDE434E4BA96D053E /* TrialUnity/Core/Models/AppointmentSession.swift in Sources */,
				ED8B01A6534B4262A1CCDCA3 /* TrialUnity/Core/Components/Composition.swift in Sources */,
				613094A6C26D42FD80B48034 /* TrialUnity/Core/Models/PatientPresentation.swift in Sources */,
				0C8D038C28754DD5967B0001 /* AppRoute.swift in Sources */,
				9221C543CA154327BA612354 /* RootView.swift in Sources */,
				ECB26F21C688465E81244669 /* TrialUnityApp.swift in Sources */,
				909A6AA08E704C879696E096 /* APIModels.swift in Sources */,
				3306885B4EC145D19C4A7DA0 /* ESRDisplay.swift in Sources */,
				4FCD2976C64446038B857766 /* MatchSignal.swift in Sources */,
				5131913FBEAD4543B7D1EB7B /* PatientProfileDraft.swift in Sources */,
				3C81D0A5C57446C1936B0D08 /* ProfileOptions.swift in Sources */,
				6B6EDB9E4AD94325BF30C61B /* RelevanceTier.swift in Sources */,
				0709907DFB474C0DBDD89675 /* SavedTrials.swift in Sources */,
				3B97788AC0E149D5BC43C8A6 /* ScoreFormat.swift in Sources */,
				C571E2B95CD94E94BBE57ACF /* Haptics.swift in Sources */,
				831FD99A771B4555A98217C3 /* Theme.swift in Sources */,
				1D31DBBB2A514BF58F790B80 /* TierStyle.swift in Sources */,
				EECBFBCBA0674A78B4A97189 /* Typography.swift in Sources */,
				25302EDC047B4A508B1F316A /* APIClient.swift in Sources */,
				4F6DB5972C1F492E8AD7F142 /* APIConfiguration.swift in Sources */,
				A35EA6351DFB4DCD9E51E826 /* APIError.swift in Sources */,
				7209528DA4DF403EB557907F /* AmberCallout.swift in Sources */,
				ABE458BB70224EB99E652043 /* BrandMark.swift in Sources */,
				F66D1849F334430883291C48 /* CardContainer.swift in Sources */,
				30836CE864334F3F8B58AEFC /* CoverageBar.swift in Sources */,
				370BCC49200048D38D353953 /* ESRScoreView.swift in Sources */,
				712125444C2C48158737566B /* FlowLayout.swift in Sources */,
				51522FDCFF964852B158A5C8 /* MatchTraceView.swift in Sources */,
				404B9975DDD6426BB71EF799 /* MatchingFunnelView.swift in Sources */,
				8B429FE7522843EB9CA454BB /* OutlinedTextField.swift in Sources */,
				C4584E99BE7E4073BA1D8DC8 /* PassportSection.swift in Sources */,
				2067351D6D524CC19F3945B0 /* PrimaryButton.swift in Sources */,
				CC0EC8E2917F42C3A205F052 /* ProvenanceText.swift in Sources */,
				9333E4C726764B50986C6F5A /* RepresentationRiskView.swift in Sources */,
				DA518ADE34524A38A492CF11 /* ReviewRow.swift in Sources */,
				C538BD0AFD9B431289BE4F5F /* SavedTrialRow.swift in Sources */,
				B81E0A7E89BB44A58A860830 /* SecondaryButton.swift in Sources */,
				304509BF94774043A9FB72C5 /* SelectableRow.swift in Sources */,
				DC24452E325147BCA92A1E28 /* SelectionCheckRow.swift in Sources */,
				95EDF9BDD10A44A785EAD42B /* StatusPill.swift in Sources */,
				7507B86CB6B94CD5811D1677 /* StepProgressView.swift in Sources */,
				51491ADA898448DFBF51C3B8 /* TagChip.swift in Sources */,
				C8EDE339EC854FAE8A022E38 /* TrialResultRow.swift in Sources */,
				0E67F7C7EAC54E49B2FD6B9D /* WizardScaffold.swift in Sources */,
				E1C45635D8F140859676A14E /* WelcomeView.swift in Sources */,
				C13F4F5071FA45EBB1218A21 /* ProfileReviewView.swift in Sources */,
				CA770DACDEDB4F5699E6BB2C /* ProfileStep.swift in Sources */,
				38E6F3E9B1074E3D9FBF2547 /* AgeStepView.swift in Sources */,
				E49BBB43190C4D0FAEF10636 /* ConditionStepView.swift in Sources */,
				EA9DBD86A94B4C299B430DFD /* LocationStepView.swift in Sources */,
				EBFEF06C90634BD6ACD463E3 /* NotesStepView.swift in Sources */,
				BBBBF69600624479A53627EB /* SexStepView.swift in Sources */,
				BD907F8B789746FFB99D5A64 /* TravelStepView.swift in Sources */,
				1A7815874E994E88B4A49C10 /* TreatmentStepView.swift in Sources */,
				5138C254D80E45C8BE390731 /* MatchingModel.swift in Sources */,
				E8AF8464ACD54468A61FA5AB /* MatchingView.swift in Sources */,
				B6649F21E0C342F6A5691A0D /* TrialPassportView.swift in Sources */,
				5CB95EA2B3804692B8FA727F /* SavedTrialsView.swift in Sources */,
			);
			runOnlyForDeploymentPostprocessing = 0;
		};
/* End PBXSourcesBuildPhase section */

/* Begin XCBuildConfiguration section */
		86B17C567AFF45318F653F29 /* Debug */ = {
			isa = XCBuildConfiguration;
			buildSettings = {
				ASSETCATALOG_COMPILER_APPICON_NAME = AppIcon;
				ASSETCATALOG_COMPILER_GLOBAL_ACCENT_COLOR_NAME = AccentColor;
				CODE_SIGN_STYLE = Automatic;
				CURRENT_PROJECT_VERSION = 1;
				DEVELOPMENT_ASSET_PATHS = TrialUnity/PreviewContent;
				DEVELOPMENT_TEAM = DHXA59K376;
				ENABLE_PREVIEWS = YES;
				GENERATE_INFOPLIST_FILE = YES;
				INFOPLIST_FILE = "TrialUnity/Resources/Info-Debug.plist";
				INFOPLIST_KEY_CFBundleDisplayName = TrialUnity;
				INFOPLIST_KEY_NSCameraUsageDescription = "Scan medical documents to review possible profile details on your device.";
				INFOPLIST_KEY_NSLocationWhenInUseUsageDescription = "Use your location to compare trial-site distances and open directions when you request it.";
				INFOPLIST_KEY_UIApplicationSceneManifest_Generation = YES;
				INFOPLIST_KEY_UIApplicationSupportsIndirectInputEvents = YES;
				INFOPLIST_KEY_UILaunchScreen_Generation = YES;
				INFOPLIST_KEY_UISupportedInterfaceOrientations = "UIInterfaceOrientationPortrait UIInterfaceOrientationLandscapeLeft UIInterfaceOrientationLandscapeRight";
				"INFOPLIST_KEY_UISupportedInterfaceOrientations~ipad" = "UIInterfaceOrientationPortrait UIInterfaceOrientationPortraitUpsideDown UIInterfaceOrientationLandscapeLeft UIInterfaceOrientationLandscapeRight";
				LD_RUNPATH_SEARCH_PATHS = (
					"$(inherited)",
					"@executable_path/Frameworks",
				);
				MARKETING_VERSION = 1.0;
				PRODUCT_BUNDLE_IDENTIFIER = com.trialunity.TrialUnity;
				PRODUCT_NAME = "$(TARGET_NAME)";
				SWIFT_EMIT_LOC_STRINGS = YES;
				SWIFT_VERSION = 5.0;
				TARGETED_DEVICE_FAMILY = "1,2";
			};
			name = Debug;
		};
		951D33778C86451CB5807920 /* Release */ = {
			isa = XCBuildConfiguration;
			buildSettings = {
				ALWAYS_SEARCH_USER_PATHS = NO;
				ASSETCATALOG_COMPILER_GENERATE_SWIFT_ASSET_SYMBOL_EXTENSIONS = YES;
				CLANG_ANALYZER_NONNULL = YES;
				CLANG_ANALYZER_NUMBER_OBJECT_CONVERSION = YES_AGGRESSIVE;
				CLANG_CXX_LANGUAGE_STANDARD = "gnu++20";
				CLANG_ENABLE_MODULES = YES;
				CLANG_ENABLE_OBJC_ARC = YES;
				CLANG_ENABLE_OBJC_WEAK = YES;
				CLANG_WARN_BLOCK_CAPTURE_AUTORELEASING = YES;
				CLANG_WARN_BOOL_CONVERSION = YES;
				CLANG_WARN_COMMA = YES;
				CLANG_WARN_CONSTANT_CONVERSION = YES;
				CLANG_WARN_DEPRECATED_OBJC_IMPLEMENTATIONS = YES;
				CLANG_WARN_DIRECT_OBJC_ISA_USAGE = YES_ERROR;
				CLANG_WARN_DOCUMENTATION_COMMENTS = YES;
				CLANG_WARN_EMPTY_BODY = YES;
				CLANG_WARN_ENUM_CONVERSION = YES;
				CLANG_WARN_INFINITE_RECURSION = YES;
				CLANG_WARN_INT_CONVERSION = YES;
				CLANG_WARN_NON_LITERAL_NULL_CONVERSION = YES;
				CLANG_WARN_OBJC_IMPLICIT_RETAIN_SELF = YES;
				CLANG_WARN_OBJC_LITERAL_CONVERSION = YES;
				CLANG_WARN_OBJC_ROOT_CLASS = YES_ERROR;
				CLANG_WARN_QUOTED_INCLUDE_IN_FRAMEWORK_HEADER = YES;
				CLANG_WARN_RANGE_LOOP_ANALYSIS = YES;
				CLANG_WARN_STRICT_PROTOTYPES = YES;
				CLANG_WARN_SUSPICIOUS_MOVE = YES;
				CLANG_WARN_UNGUARDED_AVAILABILITY = YES_AGGRESSIVE;
				CLANG_WARN_UNREACHABLE_CODE = YES;
				CLANG_WARN__DUPLICATE_METHOD_MATCH = YES;
				COPY_PHASE_STRIP = NO;
				DEBUG_INFORMATION_FORMAT = "dwarf-with-dsym";
				ENABLE_NS_ASSERTIONS = NO;
				ENABLE_STRICT_OBJC_MSGSEND = YES;
				ENABLE_USER_SCRIPT_SANDBOXING = YES;
				GCC_C_LANGUAGE_STANDARD = gnu17;
				GCC_NO_COMMON_BLOCKS = YES;
				GCC_WARN_64_TO_32_BIT_CONVERSION = YES;
				GCC_WARN_ABOUT_RETURN_TYPE = YES_ERROR;
				GCC_WARN_UNDECLARED_SELECTOR = YES;
				GCC_WARN_UNINITIALIZED_AUTOS = YES_AGGRESSIVE;
				GCC_WARN_UNUSED_FUNCTION = YES;
				GCC_WARN_UNUSED_VARIABLE = YES;
				IPHONEOS_DEPLOYMENT_TARGET = 17.0;
				MTL_ENABLE_DEBUG_INFO = NO;
				MTL_FAST_MATH = YES;
				SDKROOT = iphoneos;
				SWIFT_COMPILATION_MODE = wholemodule;
				VALIDATE_PRODUCT = YES;
			};
			name = Release;
		};
		9E18C35787334B49A3CEE2EC /* Release */ = {
			isa = XCBuildConfiguration;
			buildSettings = {
				ASSETCATALOG_COMPILER_APPICON_NAME = AppIcon;
				ASSETCATALOG_COMPILER_GLOBAL_ACCENT_COLOR_NAME = AccentColor;
				CODE_SIGN_STYLE = Automatic;
				CURRENT_PROJECT_VERSION = 1;
				DEVELOPMENT_ASSET_PATHS = TrialUnity/PreviewContent;
				DEVELOPMENT_TEAM = DHXA59K376;
				ENABLE_PREVIEWS = YES;
				GENERATE_INFOPLIST_FILE = YES;
				INFOPLIST_KEY_CFBundleDisplayName = TrialUnity;
				INFOPLIST_KEY_NSCameraUsageDescription = "Scan medical documents to review possible profile details on your device.";
				INFOPLIST_KEY_NSLocationWhenInUseUsageDescription = "Use your location to compare trial-site distances and open directions when you request it.";
				INFOPLIST_KEY_UIApplicationSceneManifest_Generation = YES;
				INFOPLIST_KEY_UIApplicationSupportsIndirectInputEvents = YES;
				INFOPLIST_KEY_UILaunchScreen_Generation = YES;
				INFOPLIST_KEY_UISupportedInterfaceOrientations = "UIInterfaceOrientationPortrait UIInterfaceOrientationLandscapeLeft UIInterfaceOrientationLandscapeRight";
				"INFOPLIST_KEY_UISupportedInterfaceOrientations~ipad" = "UIInterfaceOrientationPortrait UIInterfaceOrientationPortraitUpsideDown UIInterfaceOrientationLandscapeLeft UIInterfaceOrientationLandscapeRight";
				LD_RUNPATH_SEARCH_PATHS = (
					"$(inherited)",
					"@executable_path/Frameworks",
				);
				MARKETING_VERSION = 1.0;
				PRODUCT_BUNDLE_IDENTIFIER = com.trialunity.TrialUnity;
				PRODUCT_NAME = "$(TARGET_NAME)";
				SWIFT_EMIT_LOC_STRINGS = YES;
				SWIFT_VERSION = 5.0;
				TARGETED_DEVICE_FAMILY = "1,2";
			};
			name = Release;
		};
		BD0B4C5DED87461C9F5CA2CF /* Debug */ = {
			isa = XCBuildConfiguration;
			buildSettings = {
				ALWAYS_SEARCH_USER_PATHS = NO;
				ASSETCATALOG_COMPILER_GENERATE_SWIFT_ASSET_SYMBOL_EXTENSIONS = YES;
				CLANG_ANALYZER_NONNULL = YES;
				CLANG_ANALYZER_NUMBER_OBJECT_CONVERSION = YES_AGGRESSIVE;
				CLANG_CXX_LANGUAGE_STANDARD = "gnu++20";
				CLANG_ENABLE_MODULES = YES;
				CLANG_ENABLE_OBJC_ARC = YES;
				CLANG_ENABLE_OBJC_WEAK = YES;
				CLANG_WARN_BLOCK_CAPTURE_AUTORELEASING = YES;
				CLANG_WARN_BOOL_CONVERSION = YES;
				CLANG_WARN_COMMA = YES;
				CLANG_WARN_CONSTANT_CONVERSION = YES;
				CLANG_WARN_DEPRECATED_OBJC_IMPLEMENTATIONS = YES;
				CLANG_WARN_DIRECT_OBJC_ISA_USAGE = YES_ERROR;
				CLANG_WARN_DOCUMENTATION_COMMENTS = YES;
				CLANG_WARN_EMPTY_BODY = YES;
				CLANG_WARN_ENUM_CONVERSION = YES;
				CLANG_WARN_INFINITE_RECURSION = YES;
				CLANG_WARN_INT_CONVERSION = YES;
				CLANG_WARN_NON_LITERAL_NULL_CONVERSION = YES;
				CLANG_WARN_OBJC_IMPLICIT_RETAIN_SELF = YES;
				CLANG_WARN_OBJC_LITERAL_CONVERSION = YES;
				CLANG_WARN_OBJC_ROOT_CLASS = YES_ERROR;
				CLANG_WARN_QUOTED_INCLUDE_IN_FRAMEWORK_HEADER = YES;
				CLANG_WARN_RANGE_LOOP_ANALYSIS = YES;
				CLANG_WARN_STRICT_PROTOTYPES = YES;
				CLANG_WARN_SUSPICIOUS_MOVE = YES;
				CLANG_WARN_UNGUARDED_AVAILABILITY = YES_AGGRESSIVE;
				CLANG_WARN_UNREACHABLE_CODE = YES;
				CLANG_WARN__DUPLICATE_METHOD_MATCH = YES;
				COPY_PHASE_STRIP = NO;
				DEBUG_INFORMATION_FORMAT = dwarf;
				ENABLE_STRICT_OBJC_MSGSEND = YES;
				ENABLE_TESTABILITY = YES;
				ENABLE_USER_SCRIPT_SANDBOXING = YES;
				GCC_C_LANGUAGE_STANDARD = gnu17;
				GCC_DYNAMIC_NO_PIC = NO;
				GCC_NO_COMMON_BLOCKS = YES;
				GCC_OPTIMIZATION_LEVEL = 0;
				GCC_PREPROCESSOR_DEFINITIONS = (
					"DEBUG=1",
					"$(inherited)",
				);
				GCC_WARN_64_TO_32_BIT_CONVERSION = YES;
				GCC_WARN_ABOUT_RETURN_TYPE = YES_ERROR;
				GCC_WARN_UNDECLARED_SELECTOR = YES;
				GCC_WARN_UNINITIALIZED_AUTOS = YES_AGGRESSIVE;
				GCC_WARN_UNUSED_FUNCTION = YES;
				GCC_WARN_UNUSED_VARIABLE = YES;
				IPHONEOS_DEPLOYMENT_TARGET = 17.0;
				MTL_ENABLE_DEBUG_INFO = INCLUDE_SOURCE;
				MTL_FAST_MATH = YES;
				ONLY_ACTIVE_ARCH = YES;
				SDKROOT = iphoneos;
				SWIFT_ACTIVE_COMPILATION_CONDITIONS = "DEBUG $(inherited)";
				SWIFT_OPTIMIZATION_LEVEL = "-Onone";
			};
			name = Debug;
		};
/* End XCBuildConfiguration section */

/* Begin XCConfigurationList section */
		A6A26D938755463BA21A86A8 /* Build configuration list for PBXNativeTarget "TrialUnity" */ = {
			isa = XCConfigurationList;
			buildConfigurations = (
				86B17C567AFF45318F653F29 /* Debug */,
				9E18C35787334B49A3CEE2EC /* Release */,
			);
			defaultConfigurationIsVisible = 0;
			defaultConfigurationName = Release;
		};
		B60EE18566234CDDA550ED76 /* Build configuration list for PBXProject "TrialUnity" */ = {
			isa = XCConfigurationList;
			buildConfigurations = (
				BD0B4C5DED87461C9F5CA2CF /* Debug */,
				951D33778C86451CB5807920 /* Release */,
			);
			defaultConfigurationIsVisible = 0;
			defaultConfigurationName = Release;
		};
/* End XCConfigurationList section */
	};
	rootObject = B61549015FDA4518A1062409 /* Project object */;
}
